// !$*UTF8*$!
{
	archiveVersion = 1;
	classes = {
	};
	objectVersion = 56;
	objects = {

/* Begin PBXBuildFile section */
		EF382B9C2A6CDE12005946D7 /* APoDApp.swift in Sources */ = {isa = PBXBuildFile; fileRef = EF382B9B2A6CDE12005946D7 /* APoDApp.swift */; };
		EF382B9E2A6CDE12005946D7 /* APoDView.swift in Sources */ = {isa = PBXBuildFile; fileRef = EF382B9D2A6CDE12005946D7 /* APoDView.swift */; };
		EF382BA02A6CDE13005946D7 /* Assets.xcassets in Resources */ = {isa = PBXBuildFile; fileRef = EF382B9F2A6CDE13005946D7 /* Assets.xcassets */; };
		EF382BA42A6CDE13005946D7 /* Preview Assets.xcassets in Resources */ = {isa = PBXBuildFile; fileRef = EF382BA32A6CDE13005946D7 /* Preview Assets.xcassets */; };
		EF382BAB2A6CDE57005946D7 /* APoDModel.swift in Sources */ = {isa = PBXBuildFile; fileRef = EF382BAA2A6CDE57005946D7 /* APoDModel.swift */; };
		EF382BAD2A6CDE6A005946D7 /* APoDAPIHelper.swift in Sources */ = {isa = PBXBuildFile; fileRef = EF382BAC2A6CDE6A005946D7 /* APoDAPIHelper.swift */; };
		EF4A0B362A73BD52005053A0 /* WidgetKit.framework in Frameworks */ = {isa = PBXBuildFile; fileRef = EF70700C2A6D170F0027352B /* WidgetKit.framework */; };
		EF4A0B372A73BD52005053A0 /* SwiftUI.framework in Frameworks */ = {isa = PBXBuildFile; fileRef = EF70700E2A6D170F0027352B /* SwiftUI.framework */; };
		EF4A0B3A2A73BD52005053A0 /* APoDCalendarBundle.swift in Sources */ = {isa = PBXBuildFile; fileRef = EF4A0B392A73BD52005053A0 /* APoDCalendarBundle.swift */; };
		EF4A0B3C2A73BD52005053A0 /* APoDCalendar.swift in Sources */ = {isa = PBXBuildFile; fileRef = EF4A0B3B2A73BD52005053A0 /* APoDCalendar.swift */; };
		EF4A0B3E2A73BD5C005053A0 /* Assets.xcassets in Resources */ = {isa = PBXBuildFile; fileRef = EF4A0B3D2A73BD5C005053A0 /* Assets.xcassets */; };
		EF4A0B422A73BD5C005053A0 /* APoDCalendarExtension.appex in Embed Foundation Extensions */ = {isa = PBXBuildFile; fileRef = EF4A0B352A73BD52005053A0 /* APoDCalendarExtension.appex */; platformFilters = (ios, maccatalyst, ); settings = {ATTRIBUTES = (RemoveHeadersOnCopy, ); }; };
		EF4A0B492A73BDCF005053A0 /* WidgetUtils.swift in Sources */ = {isa = PBXBuildFile; fileRef = EF4A0B472A73BDA9005053A0 /* WidgetUtils.swift */; };
		EF4A0B4A2A73BDCF005053A0 /* WidgetUtils.swift in Sources */ = {isa = PBXBuildFile; fileRef = EF4A0B472A73BDA9005053A0 /* WidgetUtils.swift */; };
		EF4A0B4B2A73BDD1005053A0 /* WidgetUtils.swift in Sources */ = {isa = PBXBuildFile; fileRef = EF4A0B472A73BDA9005053A0 /* WidgetUtils.swift */; };
		EF4A0B4C2A73BE1A005053A0 /* APoDCalendar.intentdefinition in Sources */ = {isa = PBXBuildFile; fileRef = EF7070232A6D516E0027352B /* APoDCalendar.intentdefinition */; };
		EF4A0B522A73BE33005053A0 /* Intents.framework in Frameworks */ = {isa = PBXBuildFile; fileRef = EF7070292A6D51D70027352B /* Intents.framework */; };
		EF4A0B552A73BE33005053A0 /* IntentHandler.swift in Sources */ = {isa = PBXBuildFile; fileRef = EF4A0B542A73BE33005053A0 /* IntentHandler.swift */; };
		EF4A0B592A73BE33005053A0 /* APoDCalendarIntents.appex in Embed Foundation Extensions */ = {isa = PBXBuildFile; fileRef = EF4A0B512A73BE33005053A0 /* APoDCalendarIntents.appex */; platformFilters = (ios, maccatalyst, ); settings = {ATTRIBUTES = (RemoveHeadersOnCopy, ); }; };
		EF4A0B5E2A73BE4E005053A0 /* APoDCalendar.intentdefinition in Sources */ = {isa = PBXBuildFile; fileRef = EF7070232A6D516E0027352B /* APoDCalendar.intentdefinition */; };
		EF4A0B5F2A73BE62005053A0 /* Utils.swift in Sources */ = {isa = PBXBuildFile; fileRef = EF706FE52A6CDFD80027352B /* Utils.swift */; };
		EF4A0B602A73BE63005053A0 /* Utils.swift in Sources */ = {isa = PBXBuildFile; fileRef = EF706FE52A6CDFD80027352B /* Utils.swift */; };
		EF4A0B612A73BEA2005053A0 /* APoDAPIHelper.swift in Sources */ = {isa = PBXBuildFile; fileRef = EF382BAC2A6CDE6A005946D7 /* APoDAPIHelper.swift */; };
		EF4A0B632A73BEA2005053A0 /* APoDAPIHelper.swift in Sources */ = {isa = PBXBuildFile; fileRef = EF382BAC2A6CDE6A005946D7 /* APoDAPIHelper.swift */; };
		EF4A0B642A73BEAB005053A0 /* APoDModel.swift in Sources */ = {isa = PBXBuildFile; fileRef = EF382BAA2A6CDE57005946D7 /* APoDModel.swift */; };
		EF4A0B652A73BEAB005053A0 /* APoDModel.swift in Sources */ = {isa = PBXBuildFile; fileRef = EF382BAA2A6CDE57005946D7 /* APoDModel.swift */; };
		EF706FE62A6CDFD80027352B /* Utils.swift in Sources */ = {isa = PBXBuildFile; fileRef = EF706FE52A6CDFD80027352B /* Utils.swift */; };
		EF706FE92A6D05AB0027352B /* YouTubePlayerKit in Frameworks */ = {isa = PBXBuildFile; productRef = EF706FE82A6D05AB0027352B /* YouTubePlayerKit */; };
		EF70700D2A6D170F0027352B /* WidgetKit.framework in Frameworks */ = {isa = PBXBuildFile; fileRef = EF70700C2A6D170F0027352B /* WidgetKit.framework */; };
		EF70700F2A6D170F0027352B /* SwiftUI.framework in Frameworks */ = {isa = PBXBuildFile; fileRef = EF70700E2A6D170F0027352B /* SwiftUI.framework */; };
		EF7070122A6D170F0027352B /* APoDTodayBundle.swift in Sources */ = {isa = PBXBuildFile; fileRef = EF7070112A6D170F0027352B /* APoDTodayBundle.swift */; };
		EF7070142A6D170F0027352B /* APoDToday.swift in Sources */ = {isa = PBXBuildFile; fileRef = EF7070132A6D170F0027352B /* APoDToday.swift */; };
		EF7070162A6D17100027352B /* Assets.xcassets in Resources */ = {isa = PBXBuildFile; fileRef = EF7070152A6D17100027352B /* Assets.xcassets */; };
		EF70701B2A6D17100027352B /* APoDTodayExtension.appex in Embed Foundation Extensions */ = {isa = PBXBuildFile; fileRef = EF70700A2A6D170F0027352B /* APoDTodayExtension.appex */; platformFilter = ios; settings = {ATTRIBUTES = (RemoveHeadersOnCopy, ); }; };
		EF7070222A6D17D90027352B /* Utils.swift in Sources */ = {isa = PBXBuildFile; fileRef = EF706FE52A6CDFD80027352B /* Utils.swift */; };
		EF7070592A6D52A90027352B /* APoDCalendar.intentdefinition in Sources */ = {isa = PBXBuildFile; fileRef = EF7070232A6D516E0027352B /* APoDCalendar.intentdefinition */; };
/* End PBXBuildFile section */

/* Begin PBXContainerItemProxy section */
		EF4A0B402A73BD5C005053A0 /* PBXContainerItemProxy */ = {
			isa = PBXContainerItemProxy;
			containerPortal = EF382B902A6CDE12005946D7 /* Project object */;
			proxyType = 1;
			remoteGlobalIDString = EF4A0B342A73BD52005053A0;
			remoteInfo = APoDCalendarExtension;
		};
		EF4A0B572A73BE33005053A0 /* PBXContainerItemProxy */ = {
			isa = PBXContainerItemProxy;
			containerPortal = EF382B902A6CDE12005946D7 /* Project object */;
			proxyType = 1;
			remoteGlobalIDString = EF4A0B502A73BE33005053A0;
			remoteInfo = APoDCalendarIntents;
		};
		EF7070192A6D17100027352B /* PBXContainerItemProxy */ = {
			isa = PBXContainerItemProxy;
			containerPortal = EF382B902A6CDE12005946D7 /* Project object */;
			proxyType = 1;
			remoteGlobalIDString = EF7070092A6D170F0027352B;
			remoteInfo = APoDTodayExtension;
		};
/* End PBXContainerItemProxy section */

/* Begin PBXCopyFilesBuildPhase section */
		EF70701C2A6D17100027352B /* Embed Foundation Extensions */ = {
			isa = PBXCopyFilesBuildPhase;
			buildActionMask = 2147483647;
			dstPath = "";
			dstSubfolderSpec = 13;
			files = (
				EF4A0B422A73BD5C005053A0 /* APoDCalendarExtension.appex in Embed Foundation Extensions */,
				EF4A0B592A73BE33005053A0 /* APoDCalendarIntents.appex in Embed Foundation Extensions */,
				EF70701B2A6D17100027352B /* APoDTodayExtension.appex in Embed Foundation Extensions */,
			);
			name = "Embed Foundation Extensions";
			runOnlyForDeploymentPostprocessing = 0;
		};
/* End PBXCopyFilesBuildPhase section */

/* Begin PBXFileReference section */
		EF382B982A6CDE12005946D7 /* APoD-SwiftUI.app */ = {isa = PBXFileReference; explicitFileType = wrapper.application; includeInIndex = 0; path = "APoD-SwiftUI.app"; sourceTree = BUILT_PRODUCTS_DIR; };
		EF382B9B2A6CDE12005946D7 /* APoDApp.swift */ = {isa = PBXFileReference; lastKnownFileType = sourcecode.swift; path = APoDApp.swift; sourceTree = "<group>"; };
		EF382B9D2A6CDE12005946D7 /* APoDView.swift */ = {isa = PBXFileReference; lastKnownFileType = sourcecode.swift; path = APoDView.swift; sourceTree = "<group>"; };
		EF382B9F2A6CDE13005946D7 /* Assets.xcassets */ = {isa = PBXFileReference; lastKnownFileType = folder.assetcatalog; path = Assets.xcassets; sourceTree = "<group>"; };
		EF382BA12A6CDE13005946D7 /* APoD_SwiftUI.entitlements */ = {isa = PBXFileReference; lastKnownFileType = text.plist.entitlements; path = APoD_SwiftUI.entitlements; sourceTree = "<group>"; };
		EF382BA32A6CDE13005946D7 /* Preview Assets.xcassets */ = {isa = PBXFileReference; lastKnownFileType = folder.assetcatalog; path = "Preview Assets.xcassets"; sourceTree = "<group>"; };
		EF382BAA2A6CDE57005946D7 /* APoDModel.swift */ = {isa = PBXFileReference; lastKnownFileType = sourcecode.swift; path = APoDModel.swift; sourceTree = "<group>"; };
		EF382BAC2A6CDE6A005946D7 /* APoDAPIHelper.swift */ = {isa = PBXFileReference; lastKnownFileType = sourcecode.swift; path = APoDAPIHelper.swift; sourceTree = "<group>"; };
		EF4A0B352A73BD52005053A0 /* APoDCalendarExtension.appex */ = {isa = PBXFileReference; explicitFileType = "wrapper.app-extension"; includeInIndex = 0; path = APoDCalendarExtension.appex; sourceTree = BUILT_PRODUCTS_DIR; };
		EF4A0B392A73BD52005053A0 /* APoDCalendarBundle.swift */ = {isa = PBXFileReference; lastKnownFileType = sourcecode.swift; path = APoDCalendarBundle.swift; sourceTree = "<group>"; };
		EF4A0B3B2A73BD52005053A0 /* APoDCalendar.swift */ = {isa = PBXFileReference; lastKnownFileType = sourcecode.swift; path = APoDCalendar.swift; sourceTree = "<group>"; };
		EF4A0B3D2A73BD5C005053A0 /* Assets.xcassets */ = {isa = PBXFileReference; lastKnownFileType = folder.assetcatalog; path = Assets.xcassets; sourceTree = "<group>"; };
		EF4A0B3F2A73BD5C005053A0 /* Info.plist */ = {isa = PBXFileReference; lastKnownFileType = text.plist.xml; path = Info.plist; sourceTree = "<group>"; };
		EF4A0B432A73BD5C005053A0 /* APoDCalendarExtension.entitlements */ = {isa = PBXFileReference; lastKnownFileType = text.plist.entitlements; path = APoDCalendarExtension.entitlements; sourceTree = "<group>"; };
		EF4A0B472A73BDA9005053A0 /* WidgetUtils.swift */ = {isa = PBXFileReference; lastKnownFileType = sourcecode.swift; path = WidgetUtils.swift; sourceTree = "<group>"; };
		EF4A0B512A73BE33005053A0 /* APoDCalendarIntents.appex */ = {isa = PBXFileReference; explicitFileType = "wrapper.app-extension"; includeInIndex = 0; path = APoDCalendarIntents.appex; sourceTree = BUILT_PRODUCTS_DIR; };
		EF4A0B542A73BE33005053A0 /* IntentHandler.swift */ = {isa = PBXFileReference; lastKnownFileType = sourcecode.swift; path = IntentHandler.swift; sourceTree = "<group>"; };
		EF4A0B562A73BE33005053A0 /* Info.plist */ = {isa = PBXFileReference; lastKnownFileType = text.plist.xml; path = Info.plist; sourceTree = "<group>"; };
		EF4A0B5A2A73BE33005053A0 /* APoDCalendarIntents.entitlements */ = {isa = PBXFileReference; lastKnownFileType = text.plist.entitlements; path = APoDCalendarIntents.entitlements; sourceTree = "<group>"; };
		EF706FE52A6CDFD80027352B /* Utils.swift */ = {isa = PBXFileReference; lastKnownFileType = sourcecode.swift; path = Utils.swift; sourceTree = "<group>"; };
		EF70700A2A6D170F0027352B /* APoDTodayExtension.appex */ = {isa = PBXFileReference; explicitFileType = "wrapper.app-extension"; includeInIndex = 0; path = APoDTodayExtension.appex; sourceTree = BUILT_PRODUCTS_DIR; };
		EF70700C2A6D170F0027352B /* WidgetKit.framework */ = {isa = PBXFileReference; lastKnownFileType = wrapper.framework; name = WidgetKit.framework; path = /System/Library/Frameworks/WidgetKit.framework; sourceTree = "<absolute>"; };
		EF70700E2A6D170F0027352B /* SwiftUI.framework */ = {isa = PBXFileReference; lastKnownFileType = wrapper.framework; name = SwiftUI.framework; path = /System/Library/Frameworks/SwiftUI.framework; sourceTree = "<absolute>"; };
		EF7070112A6D170F0027352B /* APoDTodayBundle.swift */ = {isa = PBXFileReference; lastKnownFileType = sourcecode.swift; path = APoDTodayBundle.swift; sourceTree = "<group>"; };
		EF7070132A6D170F0027352B /* APoDToday.swift */ = {isa = PBXFileReference; lastKnownFileType = sourcecode.swift; path = APoDToday.swift; sourceTree = "<group>"; };
		EF7070152A6D17100027352B /* Assets.xcassets */ = {isa = PBXFileReference; lastKnownFileType = folder.assetcatalog; path = Assets.xcassets; sourceTree = "<group>"; };
		EF7070172A6D17100027352B /* Info.plist */ = {isa = PBXFileReference; lastKnownFileType = text.plist.xml; path = Info.plist; sourceTree = "<group>"; };
		EF7070182A6D17100027352B /* APoDToday.entitlements */ = {isa = PBXFileReference; lastKnownFileType = text.plist.entitlements; path = APoDToday.entitlements; sourceTree = "<group>"; };
		EF7070232A6D516E0027352B /* APoDCalendar.intentdefinition */ = {isa = PBXFileReference; lastKnownFileType = file.intentdefinition; path = APoDCalendar.intentdefinition; sourceTree = "<group>"; };
		EF7070292A6D51D70027352B /* Intents.framework */ = {isa = PBXFileReference; lastKnownFileType = wrapper.framework; name = Intents.framework; path = System/Library/Frameworks/Intents.framework; sourceTree = SDKROOT; };
		EF7070342A6D51D70027352B /* IntentsUI.framework */ = {isa = PBXFileReference; lastKnownFileType = wrapper.framework; name = IntentsUI.framework; path = System/Library/Frameworks/IntentsUI.framework; sourceTree = SDKROOT; };
/* End PBXFileReference section */

/* Begin PBXFrameworksBuildPhase section */
		EF382B952A6CDE12005946D7 /* Frameworks */ = {
			isa = PBXFrameworksBuildPhase;
			buildActionMask = 2147483647;
			files = (
				EF706FE92A6D05AB0027352B /* YouTubePlayerKit in Frameworks */,
			);
			runOnlyForDeploymentPostprocessing = 0;
		};
		EF4A0B322A73BD52005053A0 /* Frameworks */ = {
			isa = PBXFrameworksBuildPhase;
			buildActionMask = 2147483647;
			files = (
				EF4A0B372A73BD52005053A0 /* SwiftUI.framework in Frameworks */,
				EF4A0B362A73BD52005053A0 /* WidgetKit.framework in Frameworks */,
			);
			runOnlyForDeploymentPostprocessing = 0;
		};
		EF4A0B4E2A73BE33005053A0 /* Frameworks */ = {
			isa = PBXFrameworksBuildPhase;
			buildActionMask = 2147483647;
			files = (
				EF4A0B522A73BE33005053A0 /* Intents.framework in Frameworks */,
			);
			runOnlyForDeploymentPostprocessing = 0;
		};
		EF7070072A6D170F0027352B /* Frameworks */ = {
			isa = PBXFrameworksBuildPhase;
			buildActionMask = 2147483647;
			files = (
				EF70700F2A6D170F0027352B /* SwiftUI.framework in Frameworks */,
				EF70700D2A6D170F0027352B /* WidgetKit.framework in Frameworks */,
			);
			runOnlyForDeploymentPostprocessing = 0;
		};
/* End PBXFrameworksBuildPhase section */

/* Begin PBXGroup section */
		EF382B8F2A6CDE12005946D7 = {
			isa = PBXGroup;
			children = (
				EF4A0B432A73BD5C005053A0 /* APoDCalendarExtension.entitlements */,
				EF382B9A2A6CDE12005946D7 /* APoD-SwiftUI */,
				EF7070102A6D170F0027352B /* APoDToday */,
				EF4A0B382A73BD52005053A0 /* APoDCalendar */,
				EF4A0B532A73BE33005053A0 /* APoDCalendarIntents */,
				EF70700B2A6D170F0027352B /* Frameworks */,
				EF382B992A6CDE12005946D7 /* Products */,
			);
			sourceTree = "<group>";
		};
		EF382B992A6CDE12005946D7 /* Products */ = {
			isa = PBXGroup;
			children = (
				EF382B982A6CDE12005946D7 /* APoD-SwiftUI.app */,
				EF70700A2A6D170F0027352B /* APoDTodayExtension.appex */,
				EF4A0B352A73BD52005053A0 /* APoDCalendarExtension.appex */,
				EF4A0B512A73BE33005053A0 /* APoDCalendarIntents.appex */,
			);
			name = Products;
			sourceTree = "<group>";
		};
		EF382B9A2A6CDE12005946D7 /* APoD-SwiftUI */ = {
			isa = PBXGroup;
			children = (
				EF382B9B2A6CDE12005946D7 /* APoDApp.swift */,
				EF382B9D2A6CDE12005946D7 /* APoDView.swift */,
				EF382BAA2A6CDE57005946D7 /* APoDModel.swift */,
				EF382BAC2A6CDE6A005946D7 /* APoDAPIHelper.swift */,
				EF4A0B472A73BDA9005053A0 /* WidgetUtils.swift */,
				EF706FE52A6CDFD80027352B /* Utils.swift */,
				EF382B9F2A6CDE13005946D7 /* Assets.xcassets */,
				EF382BA12A6CDE13005946D7 /* APoD_SwiftUI.entitlements */,
				EF382BA22A6CDE13005946D7 /* Preview Content */,
			);
			path = "APoD-SwiftUI";
			sourceTree = "<group>";
		};
		EF382BA22A6CDE13005946D7 /* Preview Content */ = {
			isa = PBXGroup;
			children = (
				EF382BA32A6CDE13005946D7 /* Preview Assets.xcassets */,
			);
			path = "Preview Content";
			sourceTree = "<group>";
		};
		EF4A0B382A73BD52005053A0 /* APoDCalendar */ = {
			isa = PBXGroup;
			children = (
				EF4A0B392A73BD52005053A0 /* APoDCalendarBundle.swift */,
				EF4A0B3B2A73BD52005053A0 /* APoDCalendar.swift */,
				EF7070232A6D516E0027352B /* APoDCalendar.intentdefinition */,
				EF4A0B3D2A73BD5C005053A0 /* Assets.xcassets */,
				EF4A0B3F2A73BD5C005053A0 /* Info.plist */,
			);
			path = APoDCalendar;
			sourceTree = "<group>";
		};
		EF4A0B532A73BE33005053A0 /* APoDCalendarIntents */ = {
			isa = PBXGroup;
			children = (
				EF4A0B5A2A73BE33005053A0 /* APoDCalendarIntents.entitlements */,
				EF4A0B542A73BE33005053A0 /* IntentHandler.swift */,
				EF4A0B562A73BE33005053A0 /* Info.plist */,
			);
			path = APoDCalendarIntents;
			sourceTree = "<group>";
		};
		EF70700B2A6D170F0027352B /* Frameworks */ = {
			isa = PBXGroup;
			children = (
				EF70700C2A6D170F0027352B /* WidgetKit.framework */,
				EF70700E2A6D170F0027352B /* SwiftUI.framework */,
				EF7070292A6D51D70027352B /* Intents.framework */,
				EF7070342A6D51D70027352B /* IntentsUI.framework */,
			);
			name = Frameworks;
			sourceTree = "<group>";
		};
		EF7070102A6D170F0027352B /* APoDToday */ = {
			isa = PBXGroup;
			children = (
				EF7070112A6D170F0027352B /* APoDTodayBundle.swift */,
				EF7070132A6D170F0027352B /* APoDToday.swift */,
				EF7070152A6D17100027352B /* Assets.xcassets */,
				EF7070172A6D17100027352B /* Info.plist */,
				EF7070182A6D17100027352B /* APoDToday.entitlements */,
			);
			path = APoDToday;
			sourceTree = "<group>";
		};
/* End PBXGroup section */

/* Begin PBXNativeTarget section */
		EF382B972A6CDE12005946D7 /* APoD-SwiftUI */ = {
			isa = PBXNativeTarget;
			buildConfigurationList = EF382BA72A6CDE13005946D7 /* Build configuration list for PBXNativeTarget "APoD-SwiftUI" */;
			buildPhases = (
				EF382B942A6CDE12005946D7 /* Sources */,
				EF382B952A6CDE12005946D7 /* Frameworks */,
				EF382B962A6CDE12005946D7 /* Resources */,
				EF70701C2A6D17100027352B /* Embed Foundation Extensions */,
			);
			buildRules = (
			);
			dependencies = (
				EF70701A2A6D17100027352B /* PBXTargetDependency */,
				EF4A0B412A73BD5C005053A0 /* PBXTargetDependency */,
				EF4A0B582A73BE33005053A0 /* PBXTargetDependency */,
			);
			name = "APoD-SwiftUI";
			packageProductDependencies = (
				EF706FE82A6D05AB0027352B /* YouTubePlayerKit */,
			);
			productName = "APoD-SwiftUI";
			productReference = EF382B982A6CDE12005946D7 /* APoD-SwiftUI.app */;
			productType = "com.apple.product-type.application";
		};
		EF4A0B342A73BD52005053A0 /* APoDCalendarExtension */ = {
			isa = PBXNativeTarget;
			buildConfigurationList = EF4A0B442A73BD5C005053A0 /* Build configuration list for PBXNativeTarget "APoDCalendarExtension" */;
			buildPhases = (
				EF4A0B312A73BD52005053A0 /* Sources */,
				EF4A0B322A73BD52005053A0 /* Frameworks */,
				EF4A0B332A73BD52005053A0 /* Resources */,
			);
			buildRules = (
			);
			dependencies = (
			);
			name = APoDCalendarExtension;
			productName = APoDCalendarExtension;
			productReference = EF4A0B352A73BD52005053A0 /* APoDCalendarExtension.appex */;
			productType = "com.apple.product-type.app-extension";
		};
		EF4A0B502A73BE33005053A0 /* APoDCalendarIntents */ = {
			isa = PBXNativeTarget;
			buildConfigurationList = EF4A0B5B2A73BE33005053A0 /* Build configuration list for PBXNativeTarget "APoDCalendarIntents" */;
			buildPhases = (
				EF4A0B4D2A73BE33005053A0 /* Sources */,
				EF4A0B4E2A73BE33005053A0 /* Frameworks */,
				EF4A0B4F2A73BE33005053A0 /* Resources */,
			);
			buildRules = (
			);
			dependencies = (
			);
			name = APoDCalendarIntents;
			productName = APoDCalendarIntents;
			productReference = EF4A0B512A73BE33005053A0 /* APoDCalendarIntents.appex */;
			productType = "com.apple.product-type.app-extension";
		};
		EF7070092A6D170F0027352B /* APoDTodayExtension */ = {
			isa = PBXNativeTarget;
			buildConfigurationList = EF70701F2A6D17100027352B /* Build configuration list for PBXNativeTarget "APoDTodayExtension" */;
			buildPhases = (
				EF7070062A6D170F0027352B /* Sources */,
				EF7070072A6D170F0027352B /* Frameworks */,
				EF7070082A6D170F0027352B /* Resources */,
			);
			buildRules = (
			);
			dependencies = (
			);
			name = APoDTodayExtension;
			productName = APoDTodayExtension;
			productReference = EF70700A2A6D170F0027352B /* APoDTodayExtension.appex */;
			productType = "com.apple.product-type.app-extension";
		};
/* End PBXNativeTarget section */

/* Begin PBXProject section */
		EF382B902A6CDE12005946D7 /* Project object */ = {
			isa = PBXProject;
			attributes = {
				BuildIndependentTargetsInParallel = 1;
				LastSwiftUpdateCheck = 1500;
				LastUpgradeCheck = 1500;
				TargetAttributes = {
					EF382B972A6CDE12005946D7 = {
						CreatedOnToolsVersion = 15.0;
					};
					EF4A0B342A73BD52005053A0 = {
						CreatedOnToolsVersion = 15.0;
					};
					EF4A0B502A73BE33005053A0 = {
						CreatedOnToolsVersion = 15.0;
					};
					EF7070092A6D170F0027352B = {
						CreatedOnToolsVersion = 15.0;
					};
				};
			};
			buildConfigurationList = EF382B932A6CDE12005946D7 /* Build configuration list for PBXProject "APoD-SwiftUI" */;
			compatibilityVersion = "Xcode 14.0";
			developmentRegion = en;
			hasScannedForEncodings = 0;
			knownRegions = (
				en,
				Base,
			);
			mainGroup = EF382B8F2A6CDE12005946D7;
			packageReferences = (
				EF706FE72A6D05AB0027352B /* XCRemoteSwiftPackageReference "YouTubePlayerKit" */,
			);
			productRefGroup = EF382B992A6CDE12005946D7 /* Products */;
			projectDirPath = "";
			projectRoot = "";
			targets = (
				EF382B972A6CDE12005946D7 /* APoD-SwiftUI */,
				EF7070092A6D170F0027352B /* APoDTodayExtension */,
				EF4A0B342A73BD52005053A0 /* APoDCalendarExtension */,
				EF4A0B502A73BE33005053A0 /* APoDCalendarIntents */,
			);
		};
/* End PBXProject section */

/* Begin PBXResourcesBuildPhase section */
		EF382B962A6CDE12005946D7 /* Resources */ = {
			isa = PBXResourcesBuildPhase;
			buildActionMask = 2147483647;
			files = (
				EF382BA42A6CDE13005946D7 /* Preview Assets.xcassets in Resources */,
				EF382BA02A6CDE13005946D7 /* Assets.xcassets in Resources */,
			);
			runOnlyForDeploymentPostprocessing = 0;
		};
		EF4A0B332A73BD52005053A0 /* Resources */ = {
			isa = PBXResourcesBuildPhase;
			buildActionMask = 2147483647;
			files = (
				EF4A0B3E2A73BD5C005053A0 /* Assets.xcassets in Resources */,
			);
			runOnlyForDeploymentPostprocessing = 0;
		};
		EF4A0B4F2A73BE33005053A0 /* Resources */ = {
			isa = PBXResourcesBuildPhase;
			buildActionMask = 2147483647;
			files = (
			);
			runOnlyForDeploymentPostprocessing = 0;
		};
		EF7070082A6D170F0027352B /* Resources */ = {
			isa = PBXResourcesBuildPhase;
			buildActionMask = 2147483647;
			files = (
				EF7070162A6D17100027352B /* Assets.xcassets in Resources */,
			);
			runOnlyForDeploymentPostprocessing = 0;
		};
/* End PBXResourcesBuildPhase section */

/* Begin PBXSourcesBuildPhase section */
		EF382B942A6CDE12005946D7 /* Sources */ = {
			isa = PBXSourcesBuildPhase;
			buildActionMask = 2147483647;
			files = (
				EF706FE62A6CDFD80027352B /* Utils.swift in Sources */,
				EF382BAD2A6CDE6A005946D7 /* APoDAPIHelper.swift in Sources */,
				EF382BAB2A6CDE57005946D7 /* APoDModel.swift in Sources */,
				EF382B9E2A6CDE12005946D7 /* APoDView.swift in Sources */,
				EF7070592A6D52A90027352B /* APoDCalendar.intentdefinition in Sources */,
				EF4A0B4B2A73BDD1005053A0 /* WidgetUtils.swift in Sources */,
				EF382B9C2A6CDE12005946D7 /* APoDApp.swift in Sources */,
			);
			runOnlyForDeploymentPostprocessing = 0;
		};
		EF4A0B312A73BD52005053A0 /* Sources */ = {
			isa = PBXSourcesBuildPhase;
			buildActionMask = 2147483647;
			files = (
				EF4A0B602A73BE63005053A0 /* Utils.swift in Sources */,
				EF4A0B4C2A73BE1A005053A0 /* APoDCalendar.intentdefinition in Sources */,
				EF4A0B4A2A73BDCF005053A0 /* WidgetUtils.swift in Sources */,
				EF4A0B3A2A73BD52005053A0 /* APoDCalendarBundle.swift in Sources */,
				EF4A0B612A73BEA2005053A0 /* APoDAPIHelper.swift in Sources */,
				EF4A0B642A73BEAB005053A0 /* APoDModel.swift in Sources */,
				EF4A0B3C2A73BD52005053A0 /* APoDCalendar.swift in Sources */,
			);
			runOnlyForDeploymentPostprocessing = 0;
		};
		EF4A0B4D2A73BE33005053A0 /* Sources */ = {
			isa = PBXSourcesBuildPhase;
			buildActionMask = 2147483647;
			files = (
				EF4A0B5E2A73BE4E005053A0 /* APoDCalendar.intentdefinition in Sources */,
				EF4A0B552A73BE33005053A0 /* IntentHandler.swift in Sources */,
				EF4A0B5F2A73BE62005053A0 /* Utils.swift in Sources */,
			);
			runOnlyForDeploymentPostprocessing = 0;
		};
		EF7070062A6D170F0027352B /* Sources */ = {
			isa = PBXSourcesBuildPhase;
			buildActionMask = 2147483647;
			files = (
				EF7070222A6D17D90027352B /* Utils.swift in Sources */,
				EF4A0B632A73BEA2005053A0 /* APoDAPIHelper.swift in Sources */,
				EF7070122A6D170F0027352B /* APoDTodayBundle.swift in Sources */,
				EF4A0B652A73BEAB005053A0 /* APoDModel.swift in Sources */,
				EF7070142A6D170F0027352B /* APoDToday.swift in Sources */,
				EF4A0B492A73BDCF005053A0 /* WidgetUtils.swift in Sources */,
			);
			runOnlyForDeploymentPostprocessing = 0;
		};
/* End PBXSourcesBuildPhase section */

/* Begin PBXTargetDependency section */
		EF4A0B412A73BD5C005053A0 /* PBXTargetDependency */ = {
			isa = PBXTargetDependency;
			target = EF4A0B342A73BD52005053A0 /* APoDCalendarExtension */;
			targetProxy = EF4A0B402A73BD5C005053A0 /* PBXContainerItemProxy */;
		};
		EF4A0B582A73BE33005053A0 /* PBXTargetDependency */ = {
			isa = PBXTargetDependency;
			target = EF4A0B502A73BE33005053A0 /* APoDCalendarIntents */;
			targetProxy = EF4A0B572A73BE33005053A0 /* PBXContainerItemProxy */;
		};
		EF70701A2A6D17100027352B /* PBXTargetDependency */ = {
			isa = PBXTargetDependency;
			target = EF7070092A6D170F0027352B /* APoDTodayExtension */;
			targetProxy = EF7070192A6D17100027352B /* PBXContainerItemProxy */;
		};
/* End PBXTargetDependency section */

/* Begin XCBuildConfiguration section */
		EF382BA52A6CDE13005946D7 /* Debug */ = {
			isa = XCBuildConfiguration;
			buildSettings = {
				ALWAYS_SEARCH_USER_PATHS = NO;
				ASSETCATALOG_COMPILER_GENERATE_SWIFT_ASSET_SYMBOL_EXTENSIONS = YES;
				CLANG_ANALYZER_NONNULL = YES;
				CLANG_ANALYZER_NUMBER_OBJECT_CONVERSION = YES_AGGRESSIVE;
				CLANG_CXX_LANGUAGE_STANDARD = "gnu++20";
				CLANG_ENABLE_MODULES = YES;
				CLANG_ENABLE_OBJC_ARC = YES;
				CLANG_ENABLE_OBJC_WEAK = YES;
				CLANG_WARN_BLOCK_CAPTURE_AUTORELEASING = YES;
				CLANG_WARN_BOOL_CONVERSION = YES;
				CLANG_WARN_COMMA = YES;
				CLANG_WARN_CONSTANT_CONVERSION = YES;
				CLANG_WARN_DEPRECATED_OBJC_IMPLEMENTATIONS = YES;
				CLANG_WARN_DIRECT_OBJC_ISA_USAGE = YES_ERROR;
				CLANG_WARN_DOCUMENTATION_COMMENTS = YES;
				CLANG_WARN_EMPTY_BODY = YES;
				CLANG_WARN_ENUM_CONVERSION = YES;
				CLANG_WARN_INFINITE_RECURSION = YES;
				CLANG_WARN_INT_CONVERSION = YES;
				CLANG_WARN_NON_LITERAL_NULL_CONVERSION = YES;
				CLANG_WARN_OBJC_IMPLICIT_RETAIN_SELF = YES;
				CLANG_WARN_OBJC_LITERAL_CONVERSION = YES;
				CLANG_WARN_OBJC_ROOT_CLASS = YES_ERROR;
				CLANG_WARN_QUOTED_INCLUDE_IN_FRAMEWORK_HEADER = YES;
				CLANG_WARN_RANGE_LOOP_ANALYSIS = YES;
				CLANG_WARN_STRICT_PROTOTYPES = YES;
				CLANG_WARN_SUSPICIOUS_MOVE = YES;
				CLANG_WARN_UNGUARDED_AVAILABILITY = YES_AGGRESSIVE;
				CLANG_WARN_UNREACHABLE_CODE = YES;
				CLANG_WARN__DUPLICATE_METHOD_MATCH = YES;
				COPY_PHASE_STRIP = NO;
				DEBUG_INFORMATION_FORMAT = dwarf;
				ENABLE_STRICT_OBJC_MSGSEND = YES;
				ENABLE_TESTABILITY = YES;
				ENABLE_USER_SCRIPT_SANDBOXING = YES;
				GCC_C_LANGUAGE_STANDARD = gnu17;
				GCC_DYNAMIC_NO_PIC = NO;
				GCC_NO_COMMON_BLOCKS = YES;
				GCC_OPTIMIZATION_LEVEL = 0;
				GCC_PREPROCESSOR_DEFINITIONS = (
					"DEBUG=1",
					"$(inherited)",
				);
				GCC_WARN_64_TO_32_BIT_CONVERSION = YES;
				GCC_WARN_ABOUT_RETURN_TYPE = YES_ERROR;
				GCC_WARN_UNDECLARED_SELECTOR = YES;
				GCC_WARN_UNINITIALIZED_AUTOS = YES_AGGRESSIVE;
				GCC_WARN_UNUSED_FUNCTION = YES;
				GCC_WARN_UNUSED_VARIABLE = YES;
				IPHONEOS_DEPLOYMENT_TARGET = 16.4;
				LOCALIZATION_PREFERS_STRING_CATALOGS = YES;
				MACOSX_DEPLOYMENT_TARGET = 13.0;
				MTL_ENABLE_DEBUG_INFO = INCLUDE_SOURCE;
				MTL_FAST_MATH = YES;
				ONLY_ACTIVE_ARCH = YES;
				SWIFT_ACTIVE_COMPILATION_CONDITIONS = "DEBUG $(inherited)";
				SWIFT_OPTIMIZATION_LEVEL = "-Onone";
				XROS_DEPLOYMENT_TARGET = 1.0;
			};
			name = Debug;
		};
		EF382BA62A6CDE13005946D7 /* Release */ = {
			isa = XCBuildConfiguration;
			buildSettings = {
				ALWAYS_SEARCH_USER_PATHS = NO;
				ASSETCATALOG_COMPILER_GENERATE_SWIFT_ASSET_SYMBOL_EXTENSIONS = YES;
				CLANG_ANALYZER_NONNULL = YES;
				CLANG_ANALYZER_NUMBER_OBJECT_CONVERSION = YES_AGGRESSIVE;
				CLANG_CXX_LANGUAGE_STANDARD = "gnu++20";
				CLANG_ENABLE_MODULES = YES;
				CLANG_ENABLE_OBJC_ARC = YES;
				CLANG_ENABLE_OBJC_WEAK = YES;
				CLANG_WARN_BLOCK_CAPTURE_AUTORELEASING = YES;
				CLANG_WARN_BOOL_CONVERSION = YES;
				CLANG_WARN_COMMA = YES;
				CLANG_WARN_CONSTANT_CONVERSION = YES;
				CLANG_WARN_DEPRECATED_OBJC_IMPLEMENTATIONS = YES;
				CLANG_WARN_DIRECT_OBJC_ISA_USAGE = YES_ERROR;
				CLANG_WARN_DOCUMENTATION_COMMENTS = YES;
				CLANG_WARN_EMPTY_BODY = YES;
				CLANG_WARN_ENUM_CONVERSION = YES;
				CLANG_WARN_INFINITE_RECURSION = YES;
				CLANG_WARN_INT_CONVERSION = YES;
				CLANG_WARN_NON_LITERAL_NULL_CONVERSION = YES;
				CLANG_WARN_OBJC_IMPLICIT_RETAIN_SELF = YES;
				CLANG_WARN_OBJC_LITERAL_CONVERSION = YES;
				CLANG_WARN_OBJC_ROOT_CLASS = YES_ERROR;
				CLANG_WARN_QUOTED_INCLUDE_IN_FRAMEWORK_HEADER = YES;
				CLANG_WARN_RANGE_LOOP_ANALYSIS = YES;
				CLANG_WARN_STRICT_PROTOTYPES = YES;
				CLANG_WARN_SUSPICIOUS_MOVE = YES;
				CLANG_WARN_UNGUARDED_AVAILABILITY = YES_AGGRESSIVE;
				CLANG_WARN_UNREACHABLE_CODE = YES;
				CLANG_WARN__DUPLICATE_METHOD_MATCH = YES;
				COPY_PHASE_STRIP = NO;
				DEBUG_INFORMATION_FORMAT = "dwarf-with-dsym";
				ENABLE_NS_ASSERTIONS = NO;
				ENABLE_STRICT_OBJC_MSGSEND = YES;
				ENABLE_USER_SCRIPT_SANDBOXING = YES;
				GCC_C_LANGUAGE_STANDARD = gnu17;
				GCC_NO_COMMON_BLOCKS = YES;
				GCC_WARN_64_TO_32_BIT_CONVERSION = YES;
				GCC_WARN_ABOUT_RETURN_TYPE = YES_ERROR;
				GCC_WARN_UNDECLARED_SELECTOR = YES;
				GCC_WARN_UNINITIALIZED_AUTOS = YES_AGGRESSIVE;
				GCC_WARN_UNUSED_FUNCTION = YES;
				GCC_WARN_UNUSED_VARIABLE = YES;
				IPHONEOS_DEPLOYMENT_TARGET = 16.4;
				LOCALIZATION_PREFERS_STRING_CATALOGS = YES;
				MACOSX_DEPLOYMENT_TARGET = 13.0;
				MTL_ENABLE_DEBUG_INFO = NO;
				MTL_FAST_MATH = YES;
				SWIFT_COMPILATION_MODE = wholemodule;
				XROS_DEPLOYMENT_TARGET = 1.0;
			};
			name = Release;
		};
		EF382BA82A6CDE13005946D7 /* Debug */ = {
			isa = XCBuildConfiguration;
			buildSettings = {
				ALWAYS_EMBED_SWIFT_STANDARD_LIBRARIES = YES;
				ASSETCATALOG_COMPILER_APPICON_NAME = AppIcon;
				ASSETCATALOG_COMPILER_GLOBAL_ACCENT_COLOR_NAME = AccentColor;
				CODE_SIGN_ENTITLEMENTS = "APoD-SwiftUI/APoD_SwiftUI.entitlements";
				CODE_SIGN_STYLE = Automatic;
				CURRENT_PROJECT_VERSION = 1;
				DEVELOPMENT_ASSET_PATHS = "\"APoD-SwiftUI/Preview Content\"";
				DEVELOPMENT_TEAM = VEBQ28K9EA;
				ENABLE_HARDENED_RUNTIME = YES;
				ENABLE_PREVIEWS = YES;
				GENERATE_INFOPLIST_FILE = YES;
				INFOPLIST_FILE = "APoD-SwiftUI/Info.plist";
				INFOPLIST_KEY_CFBundleDisplayName = APoD;
				"INFOPLIST_KEY_UIApplicationSceneManifest_Generation[sdk=iphoneos*]" = YES;
				"INFOPLIST_KEY_UIApplicationSceneManifest_Generation[sdk=iphonesimulator*]" = YES;
				"INFOPLIST_KEY_UIApplicationSupportsIndirectInputEvents[sdk=iphoneos*]" = YES;
				"INFOPLIST_KEY_UIApplicationSupportsIndirectInputEvents[sdk=iphonesimulator*]" = YES;
				"INFOPLIST_KEY_UILaunchScreen_Generation[sdk=iphoneos*]" = YES;
				"INFOPLIST_KEY_UILaunchScreen_Generation[sdk=iphonesimulator*]" = YES;
				"INFOPLIST_KEY_UIStatusBarStyle[sdk=iphoneos*]" = UIStatusBarStyleDefault;
				"INFOPLIST_KEY_UIStatusBarStyle[sdk=iphonesimulator*]" = UIStatusBarStyleDefault;
				INFOPLIST_KEY_UISupportedInterfaceOrientations_iPad = "UIInterfaceOrientationPortrait UIInterfaceOrientationPortraitUpsideDown UIInterfaceOrientationLandscapeLeft UIInterfaceOrientationLandscapeRight";
				INFOPLIST_KEY_UISupportedInterfaceOrientations_iPhone = "UIInterfaceOrientationPortrait UIInterfaceOrientationLandscapeLeft UIInterfaceOrientationLandscapeRight";
				IPHONEOS_DEPLOYMENT_TARGET = 16.4;
				LD_RUNPATH_SEARCH_PATHS = "@executable_path/Frameworks";
				"LD_RUNPATH_SEARCH_PATHS[sdk=macosx*]" = "@executable_path/../Frameworks";
				MACOSX_DEPLOYMENT_TARGET = 14.0;
				MARKETING_VERSION = 1.0;
				PRODUCT_BUNDLE_IDENTIFIER = "com.krayc.APoD-SwiftUI";
				PRODUCT_NAME = "$(TARGET_NAME)";
				SDKROOT = auto;
				SUPPORTED_PLATFORMS = "iphoneos iphonesimulator xros xrsimulator";
				SUPPORTS_MACCATALYST = YES;
				SUPPORTS_MAC_DESIGNED_FOR_IPHONE_IPAD = NO;
				SUPPORTS_XR_DESIGNED_FOR_IPHONE_IPAD = NO;
				SWIFT_EMIT_LOC_STRINGS = YES;
				SWIFT_VERSION = 5.0;
				TARGETED_DEVICE_FAMILY = "1,2";
			};
			name = Debug;
		};
		EF382BA92A6CDE13005946D7 /* Release */ = {
			isa = XCBuildConfiguration;
			buildSettings = {
				ALWAYS_EMBED_SWIFT_STANDARD_LIBRARIES = YES;
				ASSETCATALOG_COMPILER_APPICON_NAME = AppIcon;
				ASSETCATALOG_COMPILER_GLOBAL_ACCENT_COLOR_NAME = AccentColor;
				CODE_SIGN_ENTITLEMENTS = "APoD-SwiftUI/APoD_SwiftUI.entitlements";
				CODE_SIGN_STYLE = Automatic;
				CURRENT_PROJECT_VERSION = 1;
				DEVELOPMENT_ASSET_PATHS = "\"APoD-SwiftUI/Preview Content\"";
				DEVELOPMENT_TEAM = VEBQ28K9EA;
				ENABLE_HARDENED_RUNTIME = YES;
				ENABLE_PREVIEWS = YES;
				GENERATE_INFOPLIST_FILE = YES;
				INFOPLIST_FILE = "APoD-SwiftUI/Info.plist";
				INFOPLIST_KEY_CFBundleDisplayName = APoD;
				"INFOPLIST_KEY_UIApplicationSceneManifest_Generation[sdk=iphoneos*]" = YES;
				"INFOPLIST_KEY_UIApplicationSceneManifest_Generation[sdk=iphonesimulator*]" = YES;
				"INFOPLIST_KEY_UIApplicationSupportsIndirectInputEvents[sdk=iphoneos*]" = YES;
				"INFOPLIST_KEY_UIApplicationSupportsIndirectInputEvents[sdk=iphonesimulator*]" = YES;
				"INFOPLIST_KEY_UILaunchScreen_Generation[sdk=iphoneos*]" = YES;
				"INFOPLIST_KEY_UILaunchScreen_Generation[sdk=iphonesimulator*]" = YES;
				"INFOPLIST_KEY_UIStatusBarStyle[sdk=iphoneos*]" = UIStatusBarStyleDefault;
				"INFOPLIST_KEY_UIStatusBarStyle[sdk=iphonesimulator*]" = UIStatusBarStyleDefault;
				INFOPLIST_KEY_UISupportedInterfaceOrientations_iPad = "UIInterfaceOrientationPortrait UIInterfaceOrientationPortraitUpsideDown UIInterfaceOrientationLandscapeLeft UIInterfaceOrientationLandscapeRight";
				INFOPLIST_KEY_UISupportedInterfaceOrientations_iPhone = "UIInterfaceOrientationPortrait UIInterfaceOrientationLandscapeLeft UIInterfaceOrientationLandscapeRight";
				IPHONEOS_DEPLOYMENT_TARGET = 16.4;
				LD_RUNPATH_SEARCH_PATHS = "@executable_path/Frameworks";
				"LD_RUNPATH_SEARCH_PATHS[sdk=macosx*]" = "@executable_path/../Frameworks";
				MACOSX_DEPLOYMENT_TARGET = 14.0;
				MARKETING_VERSION = 1.0;
				PRODUCT_BUNDLE_IDENTIFIER = "com.krayc.APoD-SwiftUI";
				PRODUCT_NAME = "$(TARGET_NAME)";
				SDKROOT = auto;
				SUPPORTED_PLATFORMS = "iphoneos iphonesimulator xros xrsimulator";
				SUPPORTS_MACCATALYST = YES;
				SUPPORTS_MAC_DESIGNED_FOR_IPHONE_IPAD = NO;
				SUPPORTS_XR_DESIGNED_FOR_IPHONE_IPAD = NO;
				SWIFT_EMIT_LOC_STRINGS = YES;
				SWIFT_VERSION = 5.0;
				TARGETED_DEVICE_FAMILY = "1,2";
			};
			name = Release;
		};
		EF4A0B452A73BD5C005053A0 /* Debug */ = {
			isa = XCBuildConfiguration;
			buildSettings = {
				ASSETCATALOG_COMPILER_GLOBAL_ACCENT_COLOR_NAME = AccentColor;
				ASSETCATALOG_COMPILER_WIDGET_BACKGROUND_COLOR_NAME = WidgetBackground;
				CODE_SIGN_ENTITLEMENTS = APoDCalendarExtension.entitlements;
				CODE_SIGN_STYLE = Automatic;
				CURRENT_PROJECT_VERSION = 1;
				DEVELOPMENT_TEAM = VEBQ28K9EA;
				GENERATE_INFOPLIST_FILE = YES;
				INFOPLIST_FILE = APoDCalendar/Info.plist;
				INFOPLIST_KEY_CFBundleDisplayName = APoDCalendar;
				INFOPLIST_KEY_NSHumanReadableCopyright = "";
				IPHONEOS_DEPLOYMENT_TARGET = 17.0;
				LD_RUNPATH_SEARCH_PATHS = (
					"$(inherited)",
					"@executable_path/Frameworks",
					"@executable_path/../../Frameworks",
				);
				MARKETING_VERSION = 1.0;
				PRODUCT_BUNDLE_IDENTIFIER = "com.krayc.APoD-SwiftUI.APoDCalendar";
				PRODUCT_NAME = "$(TARGET_NAME)";
				SDKROOT = iphoneos;
				SKIP_INSTALL = YES;
				SUPPORTS_MACCATALYST = YES;
				SWIFT_EMIT_LOC_STRINGS = YES;
				SWIFT_VERSION = 5.0;
				TARGETED_DEVICE_FAMILY = "1,2";
			};
			name = Debug;
		};
		EF4A0B462A73BD5C005053A0 /* Release */ = {
			isa = XCBuildConfiguration;
			buildSettings = {
				ASSETCATALOG_COMPILER_GLOBAL_ACCENT_COLOR_NAME = AccentColor;
				ASSETCATALOG_COMPILER_WIDGET_BACKGROUND_COLOR_NAME = WidgetBackground;
				CODE_SIGN_ENTITLEMENTS = APoDCalendarExtension.entitlements;
				CODE_SIGN_STYLE = Automatic;
				CURRENT_PROJECT_VERSION = 1;
				DEVELOPMENT_TEAM = VEBQ28K9EA;
				GENERATE_INFOPLIST_FILE = YES;
				INFOPLIST_FILE = APoDCalendar/Info.plist;
				INFOPLIST_KEY_CFBundleDisplayName = APoDCalendar;
				INFOPLIST_KEY_NSHumanReadableCopyright = "";
				IPHONEOS_DEPLOYMENT_TARGET = 17.0;
				LD_RUNPATH_SEARCH_PATHS = (
					"$(inherited)",
					"@executable_path/Frameworks",
					"@executable_path/../../Frameworks",
				);
				MARKETING_VERSION = 1.0;
				PRODUCT_BUNDLE_IDENTIFIER = "com.krayc.APoD-SwiftUI.APoDCalendar";
				PRODUCT_NAME = "$(TARGET_NAME)";
				SDKROOT = iphoneos;
				SKIP_INSTALL = YES;
				SUPPORTS_MACCATALYST = YES;
				SWIFT_EMIT_LOC_STRINGS = YES;
				SWIFT_VERSION = 5.0;
				TARGETED_DEVICE_FAMILY = "1,2";
				VALIDATE_PRODUCT = YES;
			};
			name = Release;
		};
		EF4A0B5C2A73BE33005053A0 /* Debug */ = {
			isa = XCBuildConfiguration;
			buildSettings = {
				CODE_SIGN_ENTITLEMENTS = APoDCalendarIntents/APoDCalendarIntents.entitlements;
				CODE_SIGN_STYLE = Automatic;
				CURRENT_PROJECT_VERSION = 1;
				DEVELOPMENT_TEAM = VEBQ28K9EA;
				GENERATE_INFOPLIST_FILE = YES;
				INFOPLIST_FILE = APoDCalendarIntents/Info.plist;
				INFOPLIST_KEY_CFBundleDisplayName = APoDCalendarIntents;
				INFOPLIST_KEY_NSHumanReadableCopyright = "";
				IPHONEOS_DEPLOYMENT_TARGET = 17.0;
				LD_RUNPATH_SEARCH_PATHS = (
					"$(inherited)",
					"@executable_path/Frameworks",
					"@executable_path/../../Frameworks",
				);
				MARKETING_VERSION = 1.0;
				PRODUCT_BUNDLE_IDENTIFIER = "com.krayc.APoD-SwiftUI.APoDCalendarIntents";
				PRODUCT_NAME = "$(TARGET_NAME)";
				SDKROOT = iphoneos;
				SKIP_INSTALL = YES;
				SUPPORTS_MACCATALYST = YES;
				SWIFT_EMIT_LOC_STRINGS = YES;
				SWIFT_VERSION = 5.0;
				TARGETED_DEVICE_FAMILY = "1,2";
			};
			name = Debug;
		};
		EF4A0B5D2A73BE33005053A0 /* Release */ = {
			isa = XCBuildConfiguration;
			buildSettings = {
				CODE_SIGN_ENTITLEMENTS = APoDCalendarIntents/APoDCalendarIntents.entitlements;
				CODE_SIGN_STYLE = Automatic;
				CURRENT_PROJECT_VERSION = 1;
				DEVELOPMENT_TEAM = VEBQ28K9EA;
				GENERATE_INFOPLIST_FILE = YES;
				INFOPLIST_FILE = APoDCalendarIntents/Info.plist;
				INFOPLIST_KEY_CFBundleDisplayName = APoDCalendarIntents;
				INFOPLIST_KEY_NSHumanReadableCopyright = "";
				IPHONEOS_DEPLOYMENT_TARGET = 17.0;
				LD_RUNPATH_SEARCH_PATHS = (
					"$(inherited)",
					"@executable_path/Frameworks",
					"@executable_path/../../Frameworks",
				);
				MARKETING_VERSION = 1.0;
				PRODUCT_BUNDLE_IDENTIFIER = "com.krayc.APoD-SwiftUI.APoDCalendarIntents";
				PRODUCT_NAME = "$(TARGET_NAME)";
				SDKROOT = iphoneos;
				SKIP_INSTALL = YES;
				SUPPORTS_MACCATALYST = YES;
				SWIFT_EMIT_LOC_STRINGS = YES;
				SWIFT_VERSION = 5.0;
				TARGETED_DEVICE_FAMILY = "1,2";
				VALIDATE_PRODUCT = YES;
			};
			name = Release;
		};
		EF70701D2A6D17100027352B /* Debug */ = {
			isa = XCBuildConfiguration;
			buildSettings = {
				ASSETCATALOG_COMPILER_GLOBAL_ACCENT_COLOR_NAME = AccentColor;
				ASSETCATALOG_COMPILER_WIDGET_BACKGROUND_COLOR_NAME = WidgetBackground;
				CODE_SIGN_ENTITLEMENTS = APoDToday/APoDToday.entitlements;
				CODE_SIGN_STYLE = Automatic;
				CURRENT_PROJECT_VERSION = 1;
				DEVELOPMENT_TEAM = VEBQ28K9EA;
				ENABLE_HARDENED_RUNTIME = YES;
				GENERATE_INFOPLIST_FILE = YES;
				INFOPLIST_FILE = APoDToday/Info.plist;
				INFOPLIST_KEY_CFBundleDisplayName = APoDToday;
				INFOPLIST_KEY_NSHumanReadableCopyright = "";
				IPHONEOS_DEPLOYMENT_TARGET = 16.4;
				LD_RUNPATH_SEARCH_PATHS = (
					"$(inherited)",
					"@executable_path/Frameworks",
					"@executable_path/../../Frameworks",
				);
				"LD_RUNPATH_SEARCH_PATHS[sdk=macosx*]" = (
					"$(inherited)",
					"@executable_path/../Frameworks",
					"@executable_path/../../../../Frameworks",
				);
				MACOSX_DEPLOYMENT_TARGET = 14.0;
				MARKETING_VERSION = 1.0;
				PRODUCT_BUNDLE_IDENTIFIER = "com.krayc.APoD-SwiftUI.APoDToday";
				PRODUCT_NAME = "$(TARGET_NAME)";
				SDKROOT = auto;
				SKIP_INSTALL = YES;
				SUPPORTED_PLATFORMS = "iphoneos iphonesimulator macosx";
				SUPPORTS_MACCATALYST = NO;
				SWIFT_EMIT_LOC_STRINGS = YES;
				SWIFT_VERSION = 5.0;
				TARGETED_DEVICE_FAMILY = "1,2";
			};
			name = Debug;
		};
		EF70701E2A6D17100027352B /* Release */ = {
			isa = XCBuildConfiguration;
			buildSettings = {
				ASSETCATALOG_COMPILER_GLOBAL_ACCENT_COLOR_NAME = AccentColor;
				ASSETCATALOG_COMPILER_WIDGET_BACKGROUND_COLOR_NAME = WidgetBackground;
				CODE_SIGN_ENTITLEMENTS = APoDToday/APoDToday.entitlements;
				CODE_SIGN_STYLE = Automatic;
				CURRENT_PROJECT_VERSION = 1;
				DEVELOPMENT_TEAM = VEBQ28K9EA;
				ENABLE_HARDENED_RUNTIME = YES;
				GENERATE_INFOPLIST_FILE = YES;
				INFOPLIST_FILE = APoDToday/Info.plist;
				INFOPLIST_KEY_CFBundleDisplayName = APoDToday;
				INFOPLIST_KEY_NSHumanReadableCopyright = "";
				IPHONEOS_DEPLOYMENT_TARGET = 16.4;
				LD_RUNPATH_SEARCH_PATHS = (
					"$(inherited)",
					"@executable_path/Frameworks",
					"@executable_path/../../Frameworks",
				);
				"LD_RUNPATH_SEARCH_PATHS[sdk=macosx*]" = (
					"$(inherited)",
					"@executable_path/../Frameworks",
					"@executable_path/../../../../Frameworks",
				);
				MACOSX_DEPLOYMENT_TARGET = 14.0;
				MARKETING_VERSION = 1.0;
				PRODUCT_BUNDLE_IDENTIFIER = "com.krayc.APoD-SwiftUI.APoDToday";
				PRODUCT_NAME = "$(TARGET_NAME)";
				SDKROOT = auto;
				SKIP_INSTALL = YES;
				SUPPORTED_PLATFORMS = "iphoneos iphonesimulator macosx";
				SUPPORTS_MACCATALYST = NO;
				SWIFT_EMIT_LOC_STRINGS = YES;
				SWIFT_VERSION = 5.0;
				TARGETED_DEVICE_FAMILY = "1,2";
			};
			name = Release;
		};
/* End XCBuildConfiguration section */

/* Begin XCConfigurationList section */
		EF382B932A6CDE12005946D7 /* Build configuration list for PBXProject "APoD-SwiftUI" */ = {
			isa = XCConfigurationList;
			buildConfigurations = (
				EF382BA52A6CDE13005946D7 /* Debug */,
				EF382BA62A6CDE13005946D7 /* Release */,
			);
			defaultConfigurationIsVisible = 0;
			defaultConfigurationName = Release;
		};
		EF382BA72A6CDE13005946D7 /* Build configuration list for PBXNativeTarget "APoD-SwiftUI" */ = {
			isa = XCConfigurationList;
			buildConfigurations = (
				EF382BA82A6CDE13005946D7 /* Debug */,
				EF382BA92A6CDE13005946D7 /* Release */,
			);
			defaultConfigurationIsVisible = 0;
			defaultConfigurationName = Release;
		};
		EF4A0B442A73BD5C005053A0 /* Build configuration list for PBXNativeTarget "APoDCalendarExtension" */ = {
			isa = XCConfigurationList;
			buildConfigurations = (
				EF4A0B452A73BD5C005053A0 /* Debug */,
				EF4A0B462A73BD5C005053A0 /* Release */,
			);
			defaultConfigurationIsVisible = 0;
			defaultConfigurationName = Release;
		};
		EF4A0B5B2A73BE33005053A0 /* Build configuration list for PBXNativeTarget "APoDCalendarIntents" */ = {
			isa = XCConfigurationList;
			buildConfigurations = (
				EF4A0B5C2A73BE33005053A0 /* Debug */,
				EF4A0B5D2A73BE33005053A0 /* Release */,
			);
			defaultConfigurationIsVisible = 0;
			defaultConfigurationName = Release;
		};
		EF70701F2A6D17100027352B /* Build configuration list for PBXNativeTarget "APoDTodayExtension" */ = {
			isa = XCConfigurationList;
			buildConfigurations = (
				EF70701D2A6D17100027352B /* Debug */,
				EF70701E2A6D17100027352B /* Release */,
			);
			defaultConfigurationIsVisible = 0;
			defaultConfigurationName = Release;
		};
/* End XCConfigurationList section */

/* Begin XCRemoteSwiftPackageReference section */
		EF706FE72A6D05AB0027352B /* XCRemoteSwiftPackageReference "YouTubePlayerKit" */ = {
			isa = XCRemoteSwiftPackageReference;
			repositoryURL = "https://github.com/SvenTiigi/YouTubePlayerKit.git";
			requirement = {
				kind = upToNextMinorVersion;
				minimumVersion = 1.5.2;
			};
		};
/* End XCRemoteSwiftPackageReference section */

/* Begin XCSwiftPackageProductDependency section */
		EF706FE82A6D05AB0027352B /* YouTubePlayerKit */ = {
			isa = XCSwiftPackageProductDependency;
			package = EF706FE72A6D05AB0027352B /* XCRemoteSwiftPackageReference "YouTubePlayerKit" */;
			productName = YouTubePlayerKit;
		};
/* End XCSwiftPackageProductDependency section */
	};
	rootObject = EF382B902A6CDE12005946D7 /* Project object */;
}
