PODS:
  - AcknowList (1.6)
  - Alamofire (4.7.2)
  - DZNEmptyDataSet (1.8.1)
  - Kingfisher (4.7.0)
  - SimpleImageViewer (1.1.1)
  - SVProgressHUD (2.2.5)
  - SwiftyJSON (4.1.0)

DEPENDENCIES:
  - AcknowList
  - Alamofire
  - DZNEmptyDataSet
  - Kingfisher
  - SimpleImageViewer
  - SVProgressHUD
  - SwiftyJSON

SPEC REPOS:
  https://github.com/cocoapods/specs.git:
    - AcknowList
    - Alamofire
    - DZNEmptyDataSet
    - Kingfisher
    - SimpleImageViewer
    - SVProgressHUD
    - SwiftyJSON

SPEC CHECKSUMS:
  AcknowList: 2b27ccc75110be58be37424c4b08b07bdec628b4
  Alamofire: e4fa87002c137ba2d8d634d2c51fabcda0d5c223
  DZNEmptyDataSet: 9525833b9e68ac21c30253e1d3d7076cc828eaa7
  Kingfisher: da6b005aa96d37698e3e4f1ccfe96a5b9bbf27d6
  SimpleImageViewer: 34c3a2cde2d9ac022146772cefc27fca14b0c8b1
  SVProgressHUD: 1428aafac632c1f86f62aa4243ec12008d7a51d6
  SwiftyJSON: c29297daf073d2aa016295d5809cdd68045c39b3

PODFILE CHECKSUM: 2fc4592d3b965ea200b908e5ddc88bb15a3c6454

COCOAPODS: 1.5.2
