PODS:
  - AcknowList (1.8)
  - Alamofire (4.8.0)
  - Bugly (2.5.0)
  - DZNEmptyDataSet (1.8.1)
  - Kingfisher (5.0.1)
  - SimpleImageViewer (1.1.1)
  - SVProgressHUD (2.2.5)
  - SwiftyJSON (4.2.0)

DEPENDENCIES:
  - AcknowList
  - Alamofire
  - Bugly
  - DZNEmptyDataSet
  - Kingfisher
  - SimpleImageViewer
  - SVProgressHUD
  - SwiftyJSON

SPEC REPOS:
  https://github.com/cocoapods/specs.git:
    - AcknowList
    - Alamofire
    - Bugly
    - DZNEmptyDataSet
    - Kingfisher
    - SimpleImageViewer
    - SVProgressHUD
    - SwiftyJSON

SPEC CHECKSUMS:
  AcknowList: 5b8820004d019d0a8d6a091ea2392dcb54bd3ad2
  Alamofire: 3ec537f71edc9804815215393ae2b1a8ea33a844
  Bugly: 3ca9f255c01025582df26f9222893b383c7e4b4e
  DZNEmptyDataSet: 9525833b9e68ac21c30253e1d3d7076cc828eaa7
  Kingfisher: 4f771421b9208185217550528a06fd48756cb7c2
  SimpleImageViewer: 34c3a2cde2d9ac022146772cefc27fca14b0c8b1
  SVProgressHUD: 1428aafac632c1f86f62aa4243ec12008d7a51d6
  SwiftyJSON: c4bcba26dd9ec7a027fc8eade48e2c911f229e96

PODFILE CHECKSUM: 186c1a85e5d7ff19e6b37307354fe0edfe37d625

COCOAPODS: 1.5.3
