// !$*UTF8*$!
{
	archiveVersion = 1;
	classes = {
	};
	objectVersion = 48;
	objects = {

/* Begin PBXBuildFile section */
		240FBF5F2000AF9900D32323 /* AppDelegate.swift in Sources */ = {isa = PBXBuildFile; fileRef = 240FBF5E2000AF9900D32323 /* AppDelegate.swift */; };
		240FBF642000AF9900D32323 /* Main.storyboard in Resources */ = {isa = PBXBuildFile; fileRef = 240FBF622000AF9900D32323 /* Main.storyboard */; };
		240FBF692000AF9900D32323 /* LaunchScreen.storyboard in Resources */ = {isa = PBXBuildFile; fileRef = 240FBF672000AF9900D32323 /* LaunchScreen.storyboard */; };
		240FBF712000B0B400D32323 /* Constants.swift in Sources */ = {isa = PBXBuildFile; fileRef = 240FBF702000B0B400D32323 /* Constants.swift */; };
		240FBF732000B50600D32323 /* UIColorExtension.swift in Sources */ = {isa = PBXBuildFile; fileRef = 240FBF722000B50600D32323 /* UIColorExtension.swift */; };
		240FBF752000B56000D32323 /* APODHelper.swift in Sources */ = {isa = PBXBuildFile; fileRef = 240FBF742000B56000D32323 /* APODHelper.swift */; };
		240FBF772000B59500D32323 /* APODModel.swift in Sources */ = {isa = PBXBuildFile; fileRef = 240FBF762000B59500D32323 /* APODModel.swift */; };
		240FBF7B2000EA4D00D32323 /* APODInfoTableViewController.swift in Sources */ = {isa = PBXBuildFile; fileRef = 240FBF7A2000EA4D00D32323 /* APODInfoTableViewController.swift */; };
		240FBF7D2000F97400D32323 /* APODNavigationController.swift in Sources */ = {isa = PBXBuildFile; fileRef = 240FBF7C2000F97400D32323 /* APODNavigationController.swift */; };
		241B93132017000D00D4C058 /* NotificationCenter.framework in Frameworks */ = {isa = PBXBuildFile; fileRef = 241B93122017000D00D4C058 /* NotificationCenter.framework */; };
		241B93162017000D00D4C058 /* TodayViewController.swift in Sources */ = {isa = PBXBuildFile; fileRef = 241B93152017000D00D4C058 /* TodayViewController.swift */; };
		241B93192017000D00D4C058 /* MainInterface.storyboard in Resources */ = {isa = PBXBuildFile; fileRef = 241B93172017000D00D4C058 /* MainInterface.storyboard */; };
		241B931D2017000D00D4C058 /* APoDWidget.appex in Embed App Extensions */ = {isa = PBXBuildFile; fileRef = 241B93112017000D00D4C058 /* APoDWidget.appex */; settings = {ATTRIBUTES = (RemoveHeadersOnCopy, ); }; };
		241B93222017019900D4C058 /* Assets.xcassets in Resources */ = {isa = PBXBuildFile; fileRef = 240FBF652000AF9900D32323 /* Assets.xcassets */; };
		241B93252017037A00D4C058 /* Constants.swift in Sources */ = {isa = PBXBuildFile; fileRef = 240FBF702000B0B400D32323 /* Constants.swift */; };
		241B93262017044F00D4C058 /* UIColorExtension.swift in Sources */ = {isa = PBXBuildFile; fileRef = 240FBF722000B50600D32323 /* UIColorExtension.swift */; };
		241B93282017058B00D4C058 /* APODMediaType.swift in Sources */ = {isa = PBXBuildFile; fileRef = 24BE09FD20021CD900A57857 /* APODMediaType.swift */; };
		241B932C2017071000D4C058 /* APODCacheHelper.swift in Sources */ = {isa = PBXBuildFile; fileRef = 241B932A201706E900D4C058 /* APODCacheHelper.swift */; };
		241B9331201728A500D4C058 /* StringExtension.swift in Sources */ = {isa = PBXBuildFile; fileRef = 241B9330201728A500D4C058 /* StringExtension.swift */; };
		2457A9062018EA220088AA87 /* Localizable.strings in Resources */ = {isa = PBXBuildFile; fileRef = 24E82E402005B2C7005DB978 /* Localizable.strings */; };
		246887822003B180006B1D37 /* APODSettingsTableViewController.swift in Sources */ = {isa = PBXBuildFile; fileRef = 246887812003B180006B1D37 /* APODSettingsTableViewController.swift */; };
		2475EF572005BE540002694F /* APODLanguageTableViewController.swift in Sources */ = {isa = PBXBuildFile; fileRef = 2475EF562005BE540002694F /* APODLanguageTableViewController.swift */; };
		2495963520188ECE00D659D0 /* APODWidgetHelper.swift in Sources */ = {isa = PBXBuildFile; fileRef = 2495963420188ECE00D659D0 /* APODWidgetHelper.swift */; };
		249596362018905600D659D0 /* APODWidgetHelper.swift in Sources */ = {isa = PBXBuildFile; fileRef = 2495963420188ECE00D659D0 /* APODWidgetHelper.swift */; };
		249596372018908E00D659D0 /* APODModel.swift in Sources */ = {isa = PBXBuildFile; fileRef = 240FBF762000B59500D32323 /* APODModel.swift */; };
		249C69FF20065B8500BEBCF9 /* Assets.xcassets in Resources */ = {isa = PBXBuildFile; fileRef = 240FBF652000AF9900D32323 /* Assets.xcassets */; };
		24BE09F62001E1A600A57857 /* APODFavoriteCollectionViewController.swift in Sources */ = {isa = PBXBuildFile; fileRef = 24BE09F52001E1A600A57857 /* APODFavoriteCollectionViewController.swift */; };
		24BE09F82001E1CD00A57857 /* APODFavoriteCollectionViewCell.swift in Sources */ = {isa = PBXBuildFile; fileRef = 24BE09F72001E1CD00A57857 /* APODFavoriteCollectionViewCell.swift */; };
		24BE09FA2001FFEC00A57857 /* ApiKey.swift in Sources */ = {isa = PBXBuildFile; fileRef = 24BE09F92001FFEC00A57857 /* ApiKey.swift */; };
		24BE09FC20021C0200A57857 /* APODFavoriteSort.swift in Sources */ = {isa = PBXBuildFile; fileRef = 24BE09FB20021C0200A57857 /* APODFavoriteSort.swift */; };
		24BE09FE20021CD900A57857 /* APODMediaType.swift in Sources */ = {isa = PBXBuildFile; fileRef = 24BE09FD20021CD900A57857 /* APODMediaType.swift */; };
		24E644C0204CE41500586F66 /* Pods-APoD-acknowledgements.plist in Resources */ = {isa = PBXBuildFile; fileRef = 24E644BF204CE41400586F66 /* Pods-APoD-acknowledgements.plist */; };
		24E644C4204CED6A00586F66 /* URLExtension.swift in Sources */ = {isa = PBXBuildFile; fileRef = 24E644C3204CED6A00586F66 /* URLExtension.swift */; };
		24E82E382005B207005DB978 /* InfoPlist.strings in Resources */ = {isa = PBXBuildFile; fileRef = 24E82E3A2005B207005DB978 /* InfoPlist.strings */; };
		24E82E3E2005B2C7005DB978 /* Localizable.strings in Resources */ = {isa = PBXBuildFile; fileRef = 24E82E402005B2C7005DB978 /* Localizable.strings */; };
		8EEE16D707AE9935A2D146DD /* Pods_APoDWidget.framework in Frameworks */ = {isa = PBXBuildFile; fileRef = 8EF88FDCCAFA1AF5F421BFDE /* Pods_APoDWidget.framework */; };
		A62C38E45F0FFD1EE17068AB /* Pods_APoD.framework in Frameworks */ = {isa = PBXBuildFile; fileRef = EDE05B8C103315524FC2E32D /* Pods_APoD.framework */; };
/* End PBXBuildFile section */

/* Begin PBXContainerItemProxy section */
		241B931B2017000D00D4C058 /* PBXContainerItemProxy */ = {
			isa = PBXContainerItemProxy;
			containerPortal = 240FBF532000AF9900D32323 /* Project object */;
			proxyType = 1;
			remoteGlobalIDString = 241B93102017000D00D4C058;
			remoteInfo = APoDWidget;
		};
/* End PBXContainerItemProxy section */

/* Begin PBXCopyFilesBuildPhase section */
		241B93212017000D00D4C058 /* Embed App Extensions */ = {
			isa = PBXCopyFilesBuildPhase;
			buildActionMask = 2147483647;
			dstPath = "";
			dstSubfolderSpec = 13;
			files = (
				241B931D2017000D00D4C058 /* APoDWidget.appex in Embed App Extensions */,
			);
			name = "Embed App Extensions";
			runOnlyForDeploymentPostprocessing = 0;
		};
/* End PBXCopyFilesBuildPhase section */

/* Begin PBXFileReference section */
		22CF27C4736DC8A235340418 /* Pods-APoDWidget.debug.xcconfig */ = {isa = PBXFileReference; includeInIndex = 1; lastKnownFileType = text.xcconfig; name = "Pods-APoDWidget.debug.xcconfig"; path = "Pods/Target Support Files/Pods-APoDWidget/Pods-APoDWidget.debug.xcconfig"; sourceTree = "<group>"; };
		240FBF5B2000AF9900D32323 /* APoD.app */ = {isa = PBXFileReference; explicitFileType = wrapper.application; includeInIndex = 0; path = APoD.app; sourceTree = BUILT_PRODUCTS_DIR; };
		240FBF5E2000AF9900D32323 /* AppDelegate.swift */ = {isa = PBXFileReference; lastKnownFileType = sourcecode.swift; path = AppDelegate.swift; sourceTree = "<group>"; };
		240FBF632000AF9900D32323 /* Base */ = {isa = PBXFileReference; lastKnownFileType = file.storyboard; name = Base; path = Base.lproj/Main.storyboard; sourceTree = "<group>"; };
		240FBF652000AF9900D32323 /* Assets.xcassets */ = {isa = PBXFileReference; lastKnownFileType = folder.assetcatalog; path = Assets.xcassets; sourceTree = "<group>"; };
		240FBF682000AF9900D32323 /* Base */ = {isa = PBXFileReference; lastKnownFileType = file.storyboard; name = Base; path = Base.lproj/LaunchScreen.storyboard; sourceTree = "<group>"; };
		240FBF6A2000AF9900D32323 /* Info.plist */ = {isa = PBXFileReference; lastKnownFileType = text.plist.xml; path = Info.plist; sourceTree = "<group>"; };
		240FBF702000B0B400D32323 /* Constants.swift */ = {isa = PBXFileReference; lastKnownFileType = sourcecode.swift; path = Constants.swift; sourceTree = "<group>"; };
		240FBF722000B50600D32323 /* UIColorExtension.swift */ = {isa = PBXFileReference; lastKnownFileType = sourcecode.swift; path = UIColorExtension.swift; sourceTree = "<group>"; };
		240FBF742000B56000D32323 /* APODHelper.swift */ = {isa = PBXFileReference; lastKnownFileType = sourcecode.swift; path = APODHelper.swift; sourceTree = "<group>"; };
		240FBF762000B59500D32323 /* APODModel.swift */ = {isa = PBXFileReference; lastKnownFileType = sourcecode.swift; path = APODModel.swift; sourceTree = "<group>"; };
		240FBF7A2000EA4D00D32323 /* APODInfoTableViewController.swift */ = {isa = PBXFileReference; lastKnownFileType = sourcecode.swift; path = APODInfoTableViewController.swift; sourceTree = "<group>"; };
		240FBF7C2000F97400D32323 /* APODNavigationController.swift */ = {isa = PBXFileReference; lastKnownFileType = sourcecode.swift; path = APODNavigationController.swift; sourceTree = "<group>"; };
		241B93112017000D00D4C058 /* APoDWidget.appex */ = {isa = PBXFileReference; explicitFileType = "wrapper.app-extension"; includeInIndex = 0; path = APoDWidget.appex; sourceTree = BUILT_PRODUCTS_DIR; };
		241B93122017000D00D4C058 /* NotificationCenter.framework */ = {isa = PBXFileReference; lastKnownFileType = wrapper.framework; name = NotificationCenter.framework; path = System/Library/Frameworks/NotificationCenter.framework; sourceTree = SDKROOT; };
		241B93152017000D00D4C058 /* TodayViewController.swift */ = {isa = PBXFileReference; lastKnownFileType = sourcecode.swift; path = TodayViewController.swift; sourceTree = "<group>"; };
		241B93182017000D00D4C058 /* Base */ = {isa = PBXFileReference; lastKnownFileType = file.storyboard; name = Base; path = Base.lproj/MainInterface.storyboard; sourceTree = "<group>"; };
		241B931A2017000D00D4C058 /* Info.plist */ = {isa = PBXFileReference; lastKnownFileType = text.plist.xml; path = Info.plist; sourceTree = "<group>"; };
		241B93232017023900D4C058 /* APoDWidget.entitlements */ = {isa = PBXFileReference; lastKnownFileType = text.plist.entitlements; path = APoDWidget.entitlements; sourceTree = "<group>"; };
		241B9324201702A300D4C058 /* APoD.entitlements */ = {isa = PBXFileReference; lastKnownFileType = text.plist.entitlements; path = APoD.entitlements; sourceTree = "<group>"; };
		241B932A201706E900D4C058 /* APODCacheHelper.swift */ = {isa = PBXFileReference; lastKnownFileType = sourcecode.swift; path = APODCacheHelper.swift; sourceTree = "<group>"; };
		241B9330201728A500D4C058 /* StringExtension.swift */ = {isa = PBXFileReference; lastKnownFileType = sourcecode.swift; path = StringExtension.swift; sourceTree = "<group>"; };
		246887812003B180006B1D37 /* APODSettingsTableViewController.swift */ = {isa = PBXFileReference; lastKnownFileType = sourcecode.swift; path = APODSettingsTableViewController.swift; sourceTree = "<group>"; };
		2475EF562005BE540002694F /* APODLanguageTableViewController.swift */ = {isa = PBXFileReference; lastKnownFileType = sourcecode.swift; path = APODLanguageTableViewController.swift; sourceTree = "<group>"; };
		2495963420188ECE00D659D0 /* APODWidgetHelper.swift */ = {isa = PBXFileReference; lastKnownFileType = sourcecode.swift; path = APODWidgetHelper.swift; sourceTree = "<group>"; };
		24A883202005B9290063E23E /* zh-Hant */ = {isa = PBXFileReference; lastKnownFileType = text.plist.strings; name = "zh-Hant"; path = "zh-Hant.lproj/LaunchScreen.strings"; sourceTree = "<group>"; };
		24A883212005B92A0063E23E /* zh-Hant */ = {isa = PBXFileReference; lastKnownFileType = text.plist.strings; name = "zh-Hant"; path = "zh-Hant.lproj/InfoPlist.strings"; sourceTree = "<group>"; };
		24A883222005B92A0063E23E /* zh-Hant */ = {isa = PBXFileReference; lastKnownFileType = text.plist.strings; name = "zh-Hant"; path = "zh-Hant.lproj/Localizable.strings"; sourceTree = "<group>"; };
		24BE09F52001E1A600A57857 /* APODFavoriteCollectionViewController.swift */ = {isa = PBXFileReference; lastKnownFileType = sourcecode.swift; path = APODFavoriteCollectionViewController.swift; sourceTree = "<group>"; };
		24BE09F72001E1CD00A57857 /* APODFavoriteCollectionViewCell.swift */ = {isa = PBXFileReference; lastKnownFileType = sourcecode.swift; path = APODFavoriteCollectionViewCell.swift; sourceTree = "<group>"; };
		24BE09F92001FFEC00A57857 /* ApiKey.swift */ = {isa = PBXFileReference; lastKnownFileType = sourcecode.swift; path = ApiKey.swift; sourceTree = "<group>"; };
		24BE09FB20021C0200A57857 /* APODFavoriteSort.swift */ = {isa = PBXFileReference; lastKnownFileType = sourcecode.swift; path = APODFavoriteSort.swift; sourceTree = "<group>"; };
		24BE09FD20021CD900A57857 /* APODMediaType.swift */ = {isa = PBXFileReference; lastKnownFileType = sourcecode.swift; path = APODMediaType.swift; sourceTree = "<group>"; };
		24BE0A02200222A600A57857 /* AVKit.framework */ = {isa = PBXFileReference; lastKnownFileType = wrapper.framework; name = AVKit.framework; path = System/Library/Frameworks/AVKit.framework; sourceTree = SDKROOT; };
		24BE0A04200222AB00A57857 /* AVFoundation.framework */ = {isa = PBXFileReference; lastKnownFileType = wrapper.framework; name = AVFoundation.framework; path = System/Library/Frameworks/AVFoundation.framework; sourceTree = SDKROOT; };
		24E644BF204CE41400586F66 /* Pods-APoD-acknowledgements.plist */ = {isa = PBXFileReference; fileEncoding = 4; lastKnownFileType = text.plist.xml; name = "Pods-APoD-acknowledgements.plist"; path = "Pods/Target Support Files/Pods-APoD/Pods-APoD-acknowledgements.plist"; sourceTree = SOURCE_ROOT; };
		24E644C3204CED6A00586F66 /* URLExtension.swift */ = {isa = PBXFileReference; lastKnownFileType = sourcecode.swift; path = URLExtension.swift; sourceTree = "<group>"; };
		24E644CD204D201A00586F66 /* en */ = {isa = PBXFileReference; lastKnownFileType = text.plist.strings; name = en; path = en.lproj/Main.strings; sourceTree = "<group>"; };
		24E644CE204D202100586F66 /* zh-Hant */ = {isa = PBXFileReference; lastKnownFileType = text.plist.strings; name = "zh-Hant"; path = "zh-Hant.lproj/Main.strings"; sourceTree = "<group>"; };
		24E644CF204D202700586F66 /* zh-Hans */ = {isa = PBXFileReference; lastKnownFileType = text.plist.strings; name = "zh-Hans"; path = "zh-Hans.lproj/Main.strings"; sourceTree = "<group>"; };
		24E82E352005B1D6005DB978 /* zh-Hans */ = {isa = PBXFileReference; lastKnownFileType = text.plist.strings; name = "zh-Hans"; path = "zh-Hans.lproj/LaunchScreen.strings"; sourceTree = "<group>"; };
		24E82E392005B207005DB978 /* zh-Hans */ = {isa = PBXFileReference; lastKnownFileType = text.plist.strings; name = "zh-Hans"; path = "zh-Hans.lproj/InfoPlist.strings"; sourceTree = "<group>"; };
		24E82E3B2005B213005DB978 /* en */ = {isa = PBXFileReference; lastKnownFileType = text.plist.strings; name = en; path = en.lproj/InfoPlist.strings; sourceTree = "<group>"; };
		24E82E3F2005B2C7005DB978 /* zh-Hans */ = {isa = PBXFileReference; lastKnownFileType = text.plist.strings; name = "zh-Hans"; path = "zh-Hans.lproj/Localizable.strings"; sourceTree = "<group>"; };
		24E82E412005B2C9005DB978 /* en */ = {isa = PBXFileReference; lastKnownFileType = text.plist.strings; name = en; path = en.lproj/Localizable.strings; sourceTree = "<group>"; };
		44A0571C78EE6C4068640D68 /* Pods-APoD.release.xcconfig */ = {isa = PBXFileReference; includeInIndex = 1; lastKnownFileType = text.xcconfig; name = "Pods-APoD.release.xcconfig"; path = "Pods/Target Support Files/Pods-APoD/Pods-APoD.release.xcconfig"; sourceTree = "<group>"; };
		5BC53AB1F73E574D40261A01 /* Pods-APoD.debug.xcconfig */ = {isa = PBXFileReference; includeInIndex = 1; lastKnownFileType = text.xcconfig; name = "Pods-APoD.debug.xcconfig"; path = "Pods/Target Support Files/Pods-APoD/Pods-APoD.debug.xcconfig"; sourceTree = "<group>"; };
		8EF88FDCCAFA1AF5F421BFDE /* Pods_APoDWidget.framework */ = {isa = PBXFileReference; explicitFileType = wrapper.framework; includeInIndex = 0; path = Pods_APoDWidget.framework; sourceTree = BUILT_PRODUCTS_DIR; };
		AE0942B0B2B888EAF27C2BB9 /* Pods-APoDWidget.release.xcconfig */ = {isa = PBXFileReference; includeInIndex = 1; lastKnownFileType = text.xcconfig; name = "Pods-APoDWidget.release.xcconfig"; path = "Pods/Target Support Files/Pods-APoDWidget/Pods-APoDWidget.release.xcconfig"; sourceTree = "<group>"; };
		EDE05B8C103315524FC2E32D /* Pods_APoD.framework */ = {isa = PBXFileReference; explicitFileType = wrapper.framework; includeInIndex = 0; path = Pods_APoD.framework; sourceTree = BUILT_PRODUCTS_DIR; };
/* End PBXFileReference section */

/* Begin PBXFrameworksBuildPhase section */
		240FBF582000AF9900D32323 /* Frameworks */ = {
			isa = PBXFrameworksBuildPhase;
			buildActionMask = 2147483647;
			files = (
				A62C38E45F0FFD1EE17068AB /* Pods_APoD.framework in Frameworks */,
			);
			runOnlyForDeploymentPostprocessing = 0;
		};
		241B930E2017000D00D4C058 /* Frameworks */ = {
			isa = PBXFrameworksBuildPhase;
			buildActionMask = 2147483647;
			files = (
				241B93132017000D00D4C058 /* NotificationCenter.framework in Frameworks */,
				8EEE16D707AE9935A2D146DD /* Pods_APoDWidget.framework in Frameworks */,
			);
			runOnlyForDeploymentPostprocessing = 0;
		};
/* End PBXFrameworksBuildPhase section */

/* Begin PBXGroup section */
		240FBF522000AF9900D32323 = {
			isa = PBXGroup;
			children = (
				240FBF5D2000AF9900D32323 /* APoD */,
				241B93142017000D00D4C058 /* APoDWidget */,
				240FBF5C2000AF9900D32323 /* Products */,
				290EF5D1FAB2D395950BB140 /* Pods */,
				36D2AD4BEFC8C9C2779DC931 /* Frameworks */,
			);
			sourceTree = "<group>";
		};
		240FBF5C2000AF9900D32323 /* Products */ = {
			isa = PBXGroup;
			children = (
				240FBF5B2000AF9900D32323 /* APoD.app */,
				241B93112017000D00D4C058 /* APoDWidget.appex */,
			);
			name = Products;
			sourceTree = "<group>";
		};
		240FBF5D2000AF9900D32323 /* APoD */ = {
			isa = PBXGroup;
			children = (
				241B9324201702A300D4C058 /* APoD.entitlements */,
				240FBF5E2000AF9900D32323 /* AppDelegate.swift */,
				240FBF7C2000F97400D32323 /* APODNavigationController.swift */,
				24BE0A0020021DB800A57857 /* APODData */,
				24BE0A0120021DC100A57857 /* Calendar */,
				24BE09FF20021DAF00A57857 /* Favorite */,
				246887832003BBA0006B1D37 /* Settings */,
				24E644C5204CED7C00586F66 /* Extensions */,
				24BE09F92001FFEC00A57857 /* ApiKey.swift */,
				240FBF702000B0B400D32323 /* Constants.swift */,
				24E82E3A2005B207005DB978 /* InfoPlist.strings */,
				24E82E402005B2C7005DB978 /* Localizable.strings */,
				240FBF672000AF9900D32323 /* LaunchScreen.storyboard */,
				240FBF622000AF9900D32323 /* Main.storyboard */,
				240FBF652000AF9900D32323 /* Assets.xcassets */,
				240FBF6A2000AF9900D32323 /* Info.plist */,
				24E644BF204CE41400586F66 /* Pods-APoD-acknowledgements.plist */,
			);
			path = APoD;
			sourceTree = "<group>";
		};
		241B93142017000D00D4C058 /* APoDWidget */ = {
			isa = PBXGroup;
			children = (
				241B93232017023900D4C058 /* APoDWidget.entitlements */,
				241B93152017000D00D4C058 /* TodayViewController.swift */,
				241B93172017000D00D4C058 /* MainInterface.storyboard */,
				241B931A2017000D00D4C058 /* Info.plist */,
			);
			path = APoDWidget;
			sourceTree = "<group>";
		};
		246887832003BBA0006B1D37 /* Settings */ = {
			isa = PBXGroup;
			children = (
				246887812003B180006B1D37 /* APODSettingsTableViewController.swift */,
				2475EF562005BE540002694F /* APODLanguageTableViewController.swift */,
			);
			path = Settings;
			sourceTree = "<group>";
		};
		24BE09FF20021DAF00A57857 /* Favorite */ = {
			isa = PBXGroup;
			children = (
				24BE09FB20021C0200A57857 /* APODFavoriteSort.swift */,
				24BE09F52001E1A600A57857 /* APODFavoriteCollectionViewController.swift */,
				24BE09F72001E1CD00A57857 /* APODFavoriteCollectionViewCell.swift */,
			);
			path = Favorite;
			sourceTree = "<group>";
		};
		24BE0A0020021DB800A57857 /* APODData */ = {
			isa = PBXGroup;
			children = (
				24BE09FD20021CD900A57857 /* APODMediaType.swift */,
				240FBF762000B59500D32323 /* APODModel.swift */,
				240FBF742000B56000D32323 /* APODHelper.swift */,
				241B932A201706E900D4C058 /* APODCacheHelper.swift */,
				2495963420188ECE00D659D0 /* APODWidgetHelper.swift */,
			);
			path = APODData;
			sourceTree = "<group>";
		};
		24BE0A0120021DC100A57857 /* Calendar */ = {
			isa = PBXGroup;
			children = (
				240FBF7A2000EA4D00D32323 /* APODInfoTableViewController.swift */,
			);
			path = Calendar;
			sourceTree = "<group>";
		};
		24E644C5204CED7C00586F66 /* Extensions */ = {
			isa = PBXGroup;
			children = (
				241B9330201728A500D4C058 /* StringExtension.swift */,
				240FBF722000B50600D32323 /* UIColorExtension.swift */,
				24E644C3204CED6A00586F66 /* URLExtension.swift */,
			);
			path = Extensions;
			sourceTree = "<group>";
		};
		290EF5D1FAB2D395950BB140 /* Pods */ = {
			isa = PBXGroup;
			children = (
				5BC53AB1F73E574D40261A01 /* Pods-APoD.debug.xcconfig */,
				44A0571C78EE6C4068640D68 /* Pods-APoD.release.xcconfig */,
				22CF27C4736DC8A235340418 /* Pods-APoDWidget.debug.xcconfig */,
				AE0942B0B2B888EAF27C2BB9 /* Pods-APoDWidget.release.xcconfig */,
			);
			name = Pods;
			sourceTree = "<group>";
		};
		36D2AD4BEFC8C9C2779DC931 /* Frameworks */ = {
			isa = PBXGroup;
			children = (
				24BE0A04200222AB00A57857 /* AVFoundation.framework */,
				24BE0A02200222A600A57857 /* AVKit.framework */,
				EDE05B8C103315524FC2E32D /* Pods_APoD.framework */,
				241B93122017000D00D4C058 /* NotificationCenter.framework */,
				8EF88FDCCAFA1AF5F421BFDE /* Pods_APoDWidget.framework */,
			);
			name = Frameworks;
			sourceTree = "<group>";
		};
/* End PBXGroup section */

/* Begin PBXNativeTarget section */
		240FBF5A2000AF9900D32323 /* APoD */ = {
			isa = PBXNativeTarget;
			buildConfigurationList = 240FBF6D2000AF9900D32323 /* Build configuration list for PBXNativeTarget "APoD" */;
			buildPhases = (
				6A0EACF533A9CEF98B95F039 /* [CP] Check Pods Manifest.lock */,
				240FBF572000AF9900D32323 /* Sources */,
				240FBF582000AF9900D32323 /* Frameworks */,
				240FBF592000AF9900D32323 /* Resources */,
				0186BC22DC74A7F6C2DDAEE6 /* [CP] Embed Pods Frameworks */,
				241B93212017000D00D4C058 /* Embed App Extensions */,
			);
			buildRules = (
			);
			dependencies = (
				241B931C2017000D00D4C058 /* PBXTargetDependency */,
			);
			name = APoD;
			productName = APoD;
			productReference = 240FBF5B2000AF9900D32323 /* APoD.app */;
			productType = "com.apple.product-type.application";
		};
		241B93102017000D00D4C058 /* APoDWidget */ = {
			isa = PBXNativeTarget;
			buildConfigurationList = 241B93202017000D00D4C058 /* Build configuration list for PBXNativeTarget "APoDWidget" */;
			buildPhases = (
				AD740A24CEE2B94E0314E6E6 /* [CP] Check Pods Manifest.lock */,
				241B930D2017000D00D4C058 /* Sources */,
				241B930E2017000D00D4C058 /* Frameworks */,
				241B930F2017000D00D4C058 /* Resources */,
			);
			buildRules = (
			);
			dependencies = (
			);
			name = APoDWidget;
			productName = APoDWidget;
			productReference = 241B93112017000D00D4C058 /* APoDWidget.appex */;
			productType = "com.apple.product-type.app-extension";
		};
/* End PBXNativeTarget section */

/* Begin PBXProject section */
		240FBF532000AF9900D32323 /* Project object */ = {
			isa = PBXProject;
			attributes = {
				LastSwiftUpdateCheck = 0920;
				LastUpgradeCheck = 0930;
				ORGANIZATIONNAME = "宋 奎熹";
				TargetAttributes = {
					240FBF5A2000AF9900D32323 = {
						CreatedOnToolsVersion = 9.2;
						LastSwiftMigration = 1000;
						ProvisioningStyle = Automatic;
						SystemCapabilities = {
							com.apple.ApplicationGroups.iOS = {
								enabled = 1;
							};
							com.apple.DataProtection = {
								enabled = 0;
							};
						};
					};
					241B93102017000D00D4C058 = {
						CreatedOnToolsVersion = 9.2;
						LastSwiftMigration = 1000;
						ProvisioningStyle = Automatic;
						SystemCapabilities = {
							com.apple.ApplicationGroups.iOS = {
								enabled = 1;
							};
						};
					};
				};
			};
			buildConfigurationList = 240FBF562000AF9900D32323 /* Build configuration list for PBXProject "APoD" */;
			compatibilityVersion = "Xcode 8.0";
			developmentRegion = en;
			hasScannedForEncodings = 0;
			knownRegions = (
				en,
				Base,
				"zh-Hant",
			);
			mainGroup = 240FBF522000AF9900D32323;
			productRefGroup = 240FBF5C2000AF9900D32323 /* Products */;
			projectDirPath = "";
			projectRoot = "";
			targets = (
				240FBF5A2000AF9900D32323 /* APoD */,
				241B93102017000D00D4C058 /* APoDWidget */,
			);
		};
/* End PBXProject section */

/* Begin PBXResourcesBuildPhase section */
		240FBF592000AF9900D32323 /* Resources */ = {
			isa = PBXResourcesBuildPhase;
			buildActionMask = 2147483647;
			files = (
				24E644C0204CE41500586F66 /* Pods-APoD-acknowledgements.plist in Resources */,
				24E82E3E2005B2C7005DB978 /* Localizable.strings in Resources */,
				240FBF692000AF9900D32323 /* LaunchScreen.storyboard in Resources */,
				24E82E382005B207005DB978 /* InfoPlist.strings in Resources */,
				240FBF642000AF9900D32323 /* Main.storyboard in Resources */,
				249C69FF20065B8500BEBCF9 /* Assets.xcassets in Resources */,
			);
			runOnlyForDeploymentPostprocessing = 0;
		};
		241B930F2017000D00D4C058 /* Resources */ = {
			isa = PBXResourcesBuildPhase;
			buildActionMask = 2147483647;
			files = (
				241B93222017019900D4C058 /* Assets.xcassets in Resources */,
				2457A9062018EA220088AA87 /* Localizable.strings in Resources */,
				241B93192017000D00D4C058 /* MainInterface.storyboard in Resources */,
			);
			runOnlyForDeploymentPostprocessing = 0;
		};
/* End PBXResourcesBuildPhase section */

/* Begin PBXShellScriptBuildPhase section */
		0186BC22DC74A7F6C2DDAEE6 /* [CP] Embed Pods Frameworks */ = {
			isa = PBXShellScriptBuildPhase;
			buildActionMask = 2147483647;
			files = (
			);
			inputPaths = (
				"${SRCROOT}/Pods/Target Support Files/Pods-APoD/Pods-APoD-frameworks.sh",
				"${BUILT_PRODUCTS_DIR}/AcknowList/AcknowList.framework",
				"${BUILT_PRODUCTS_DIR}/Alamofire/Alamofire.framework",
				"${BUILT_PRODUCTS_DIR}/DZNEmptyDataSet/DZNEmptyDataSet.framework",
				"${BUILT_PRODUCTS_DIR}/Kingfisher/Kingfisher.framework",
				"${BUILT_PRODUCTS_DIR}/SVProgressHUD/SVProgressHUD.framework",
				"${BUILT_PRODUCTS_DIR}/SimpleImageViewer/SimpleImageViewer.framework",
				"${BUILT_PRODUCTS_DIR}/SwiftyJSON/SwiftyJSON.framework",
			);
			name = "[CP] Embed Pods Frameworks";
			outputPaths = (
				"${TARGET_BUILD_DIR}/${FRAMEWORKS_FOLDER_PATH}/AcknowList.framework",
				"${TARGET_BUILD_DIR}/${FRAMEWORKS_FOLDER_PATH}/Alamofire.framework",
				"${TARGET_BUILD_DIR}/${FRAMEWORKS_FOLDER_PATH}/DZNEmptyDataSet.framework",
				"${TARGET_BUILD_DIR}/${FRAMEWORKS_FOLDER_PATH}/Kingfisher.framework",
				"${TARGET_BUILD_DIR}/${FRAMEWORKS_FOLDER_PATH}/SVProgressHUD.framework",
				"${TARGET_BUILD_DIR}/${FRAMEWORKS_FOLDER_PATH}/SimpleImageViewer.framework",
				"${TARGET_BUILD_DIR}/${FRAMEWORKS_FOLDER_PATH}/SwiftyJSON.framework",
			);
			runOnlyForDeploymentPostprocessing = 0;
			shellPath = /bin/sh;
			shellScript = "\"${SRCROOT}/Pods/Target Support Files/Pods-APoD/Pods-APoD-frameworks.sh\"\n";
			showEnvVarsInLog = 0;
		};
		6A0EACF533A9CEF98B95F039 /* [CP] Check Pods Manifest.lock */ = {
			isa = PBXShellScriptBuildPhase;
			buildActionMask = 2147483647;
			files = (
			);
			inputPaths = (
				"${PODS_PODFILE_DIR_PATH}/Podfile.lock",
				"${PODS_ROOT}/Manifest.lock",
			);
			name = "[CP] Check Pods Manifest.lock";
			outputPaths = (
				"$(DERIVED_FILE_DIR)/Pods-APoD-checkManifestLockResult.txt",
			);
			runOnlyForDeploymentPostprocessing = 0;
			shellPath = /bin/sh;
			shellScript = "diff \"${PODS_PODFILE_DIR_PATH}/Podfile.lock\" \"${PODS_ROOT}/Manifest.lock\" > /dev/null\nif [ $? != 0 ] ; then\n    # print error to STDERR\n    echo \"error: The sandbox is not in sync with the Podfile.lock. Run 'pod install' or update your CocoaPods installation.\" >&2\n    exit 1\nfi\n# This output is used by Xcode 'outputs' to avoid re-running this script phase.\necho \"SUCCESS\" > \"${SCRIPT_OUTPUT_FILE_0}\"\n";
			showEnvVarsInLog = 0;
		};
		AD740A24CEE2B94E0314E6E6 /* [CP] Check Pods Manifest.lock */ = {
			isa = PBXShellScriptBuildPhase;
			buildActionMask = 2147483647;
			files = (
			);
			inputPaths = (
				"${PODS_PODFILE_DIR_PATH}/Podfile.lock",
				"${PODS_ROOT}/Manifest.lock",
			);
			name = "[CP] Check Pods Manifest.lock";
			outputPaths = (
				"$(DERIVED_FILE_DIR)/Pods-APoDWidget-checkManifestLockResult.txt",
			);
			runOnlyForDeploymentPostprocessing = 0;
			shellPath = /bin/sh;
			shellScript = "diff \"${PODS_PODFILE_DIR_PATH}/Podfile.lock\" \"${PODS_ROOT}/Manifest.lock\" > /dev/null\nif [ $? != 0 ] ; then\n    # print error to STDERR\n    echo \"error: The sandbox is not in sync with the Podfile.lock. Run 'pod install' or update your CocoaPods installation.\" >&2\n    exit 1\nfi\n# This output is used by Xcode 'outputs' to avoid re-running this script phase.\necho \"SUCCESS\" > \"${SCRIPT_OUTPUT_FILE_0}\"\n";
			showEnvVarsInLog = 0;
		};
/* End PBXShellScriptBuildPhase section */

/* Begin PBXSourcesBuildPhase section */
		240FBF572000AF9900D32323 /* Sources */ = {
			isa = PBXSourcesBuildPhase;
			buildActionMask = 2147483647;
			files = (
				24BE09FE20021CD900A57857 /* APODMediaType.swift in Sources */,
				24BE09FA2001FFEC00A57857 /* ApiKey.swift in Sources */,
				240FBF5F2000AF9900D32323 /* AppDelegate.swift in Sources */,
				240FBF7D2000F97400D32323 /* APODNavigationController.swift in Sources */,
				241B9331201728A500D4C058 /* StringExtension.swift in Sources */,
				24E644C4204CED6A00586F66 /* URLExtension.swift in Sources */,
				240FBF712000B0B400D32323 /* Constants.swift in Sources */,
				240FBF732000B50600D32323 /* UIColorExtension.swift in Sources */,
				24BE09F62001E1A600A57857 /* APODFavoriteCollectionViewController.swift in Sources */,
				24BE09FC20021C0200A57857 /* APODFavoriteSort.swift in Sources */,
				2475EF572005BE540002694F /* APODLanguageTableViewController.swift in Sources */,
				2495963520188ECE00D659D0 /* APODWidgetHelper.swift in Sources */,
				246887822003B180006B1D37 /* APODSettingsTableViewController.swift in Sources */,
				240FBF752000B56000D32323 /* APODHelper.swift in Sources */,
				241B932C2017071000D4C058 /* APODCacheHelper.swift in Sources */,
				24BE09F82001E1CD00A57857 /* APODFavoriteCollectionViewCell.swift in Sources */,
				240FBF772000B59500D32323 /* APODModel.swift in Sources */,
				240FBF7B2000EA4D00D32323 /* APODInfoTableViewController.swift in Sources */,
			);
			runOnlyForDeploymentPostprocessing = 0;
		};
		241B930D2017000D00D4C058 /* Sources */ = {
			isa = PBXSourcesBuildPhase;
			buildActionMask = 2147483647;
			files = (
				249596372018908E00D659D0 /* APODModel.swift in Sources */,
				241B93162017000D00D4C058 /* TodayViewController.swift in Sources */,
				241B93252017037A00D4C058 /* Constants.swift in Sources */,
				241B93262017044F00D4C058 /* UIColorExtension.swift in Sources */,
				241B93282017058B00D4C058 /* APODMediaType.swift in Sources */,
				249596362018905600D659D0 /* APODWidgetHelper.swift in Sources */,
			);
			runOnlyForDeploymentPostprocessing = 0;
		};
/* End PBXSourcesBuildPhase section */

/* Begin PBXTargetDependency section */
		241B931C2017000D00D4C058 /* PBXTargetDependency */ = {
			isa = PBXTargetDependency;
			target = 241B93102017000D00D4C058 /* APoDWidget */;
			targetProxy = 241B931B2017000D00D4C058 /* PBXContainerItemProxy */;
		};
/* End PBXTargetDependency section */

/* Begin PBXVariantGroup section */
		240FBF622000AF9900D32323 /* Main.storyboard */ = {
			isa = PBXVariantGroup;
			children = (
				240FBF632000AF9900D32323 /* Base */,
				24E644CD204D201A00586F66 /* en */,
				24E644CE204D202100586F66 /* zh-Hant */,
				24E644CF204D202700586F66 /* zh-Hans */,
			);
			name = Main.storyboard;
			sourceTree = "<group>";
		};
		240FBF672000AF9900D32323 /* LaunchScreen.storyboard */ = {
			isa = PBXVariantGroup;
			children = (
				240FBF682000AF9900D32323 /* Base */,
				24E82E352005B1D6005DB978 /* zh-Hans */,
				24A883202005B9290063E23E /* zh-Hant */,
			);
			name = LaunchScreen.storyboard;
			sourceTree = "<group>";
		};
		241B93172017000D00D4C058 /* MainInterface.storyboard */ = {
			isa = PBXVariantGroup;
			children = (
				241B93182017000D00D4C058 /* Base */,
			);
			name = MainInterface.storyboard;
			sourceTree = "<group>";
		};
		24E82E3A2005B207005DB978 /* InfoPlist.strings */ = {
			isa = PBXVariantGroup;
			children = (
				24E82E392005B207005DB978 /* zh-Hans */,
				24E82E3B2005B213005DB978 /* en */,
				24A883212005B92A0063E23E /* zh-Hant */,
			);
			name = InfoPlist.strings;
			sourceTree = "<group>";
		};
		24E82E402005B2C7005DB978 /* Localizable.strings */ = {
			isa = PBXVariantGroup;
			children = (
				24E82E3F2005B2C7005DB978 /* zh-Hans */,
				24E82E412005B2C9005DB978 /* en */,
				24A883222005B92A0063E23E /* zh-Hant */,
			);
			name = Localizable.strings;
			sourceTree = "<group>";
		};
/* End PBXVariantGroup section */

/* Begin XCBuildConfiguration section */
		240FBF6B2000AF9900D32323 /* Debug */ = {
			isa = XCBuildConfiguration;
			buildSettings = {
				ALWAYS_SEARCH_USER_PATHS = NO;
				CLANG_ANALYZER_LOCALIZABILITY_NONLOCALIZED = YES;
				CLANG_ANALYZER_NONNULL = YES;
				CLANG_ANALYZER_NUMBER_OBJECT_CONVERSION = YES_AGGRESSIVE;
				CLANG_CXX_LANGUAGE_STANDARD = "gnu++14";
				CLANG_CXX_LIBRARY = "libc++";
				CLANG_ENABLE_MODULES = YES;
				CLANG_ENABLE_OBJC_ARC = YES;
				CLANG_WARN_BLOCK_CAPTURE_AUTORELEASING = YES;
				CLANG_WARN_BOOL_CONVERSION = YES;
				CLANG_WARN_COMMA = YES;
				CLANG_WARN_CONSTANT_CONVERSION = YES;
				CLANG_WARN_DEPRECATED_OBJC_IMPLEMENTATIONS = YES;
				CLANG_WARN_DIRECT_OBJC_ISA_USAGE = YES_ERROR;
				CLANG_WARN_DOCUMENTATION_COMMENTS = YES;
				CLANG_WARN_EMPTY_BODY = YES;
				CLANG_WARN_ENUM_CONVERSION = YES;
				CLANG_WARN_INFINITE_RECURSION = YES;
				CLANG_WARN_INT_CONVERSION = YES;
				CLANG_WARN_NON_LITERAL_NULL_CONVERSION = YES;
				CLANG_WARN_OBJC_IMPLICIT_RETAIN_SELF = YES;
				CLANG_WARN_OBJC_LITERAL_CONVERSION = YES;
				CLANG_WARN_OBJC_ROOT_CLASS = YES_ERROR;
				CLANG_WARN_RANGE_LOOP_ANALYSIS = YES;
				CLANG_WARN_STRICT_PROTOTYPES = YES;
				CLANG_WARN_SUSPICIOUS_MOVE = YES;
				CLANG_WARN_UNGUARDED_AVAILABILITY = YES_AGGRESSIVE;
				CLANG_WARN_UNREACHABLE_CODE = YES;
				CLANG_WARN__DUPLICATE_METHOD_MATCH = YES;
				CODE_SIGN_IDENTITY = "iPhone Developer";
				COPY_PHASE_STRIP = NO;
				DEBUG_INFORMATION_FORMAT = dwarf;
				ENABLE_STRICT_OBJC_MSGSEND = YES;
				ENABLE_TESTABILITY = YES;
				GCC_C_LANGUAGE_STANDARD = gnu11;
				GCC_DYNAMIC_NO_PIC = NO;
				GCC_NO_COMMON_BLOCKS = YES;
				GCC_OPTIMIZATION_LEVEL = 0;
				GCC_PREPROCESSOR_DEFINITIONS = (
					"DEBUG=1",
					"$(inherited)",
				);
				GCC_WARN_64_TO_32_BIT_CONVERSION = YES;
				GCC_WARN_ABOUT_RETURN_TYPE = YES_ERROR;
				GCC_WARN_UNDECLARED_SELECTOR = YES;
				GCC_WARN_UNINITIALIZED_AUTOS = YES_AGGRESSIVE;
				GCC_WARN_UNUSED_FUNCTION = YES;
				GCC_WARN_UNUSED_VARIABLE = YES;
				IPHONEOS_DEPLOYMENT_TARGET = 10.0;
				MTL_ENABLE_DEBUG_INFO = YES;
				ONLY_ACTIVE_ARCH = YES;
				SDKROOT = iphoneos;
				SWIFT_ACTIVE_COMPILATION_CONDITIONS = DEBUG;
				SWIFT_OPTIMIZATION_LEVEL = "-Onone";
			};
			name = Debug;
		};
		240FBF6C2000AF9900D32323 /* Release */ = {
			isa = XCBuildConfiguration;
			buildSettings = {
				ALWAYS_SEARCH_USER_PATHS = NO;
				CLANG_ANALYZER_LOCALIZABILITY_NONLOCALIZED = YES;
				CLANG_ANALYZER_NONNULL = YES;
				CLANG_ANALYZER_NUMBER_OBJECT_CONVERSION = YES_AGGRESSIVE;
				CLANG_CXX_LANGUAGE_STANDARD = "gnu++14";
				CLANG_CXX_LIBRARY = "libc++";
				CLANG_ENABLE_MODULES = YES;
				CLANG_ENABLE_OBJC_ARC = YES;
				CLANG_WARN_BLOCK_CAPTURE_AUTORELEASING = YES;
				CLANG_WARN_BOOL_CONVERSION = YES;
				CLANG_WARN_COMMA = YES;
				CLANG_WARN_CONSTANT_CONVERSION = YES;
				CLANG_WARN_DEPRECATED_OBJC_IMPLEMENTATIONS = YES;
				CLANG_WARN_DIRECT_OBJC_ISA_USAGE = YES_ERROR;
				CLANG_WARN_DOCUMENTATION_COMMENTS = YES;
				CLANG_WARN_EMPTY_BODY = YES;
				CLANG_WARN_ENUM_CONVERSION = YES;
				CLANG_WARN_INFINITE_RECURSION = YES;
				CLANG_WARN_INT_CONVERSION = YES;
				CLANG_WARN_NON_LITERAL_NULL_CONVERSION = YES;
				CLANG_WARN_OBJC_IMPLICIT_RETAIN_SELF = YES;
				CLANG_WARN_OBJC_LITERAL_CONVERSION = YES;
				CLANG_WARN_OBJC_ROOT_CLASS = YES_ERROR;
				CLANG_WARN_RANGE_LOOP_ANALYSIS = YES;
				CLANG_WARN_STRICT_PROTOTYPES = YES;
				CLANG_WARN_SUSPICIOUS_MOVE = YES;
				CLANG_WARN_UNGUARDED_AVAILABILITY = YES_AGGRESSIVE;
				CLANG_WARN_UNREACHABLE_CODE = YES;
				CLANG_WARN__DUPLICATE_METHOD_MATCH = YES;
				CODE_SIGN_IDENTITY = "iPhone Developer";
				COPY_PHASE_STRIP = NO;
				DEBUG_INFORMATION_FORMAT = "dwarf-with-dsym";
				ENABLE_NS_ASSERTIONS = NO;
				ENABLE_STRICT_OBJC_MSGSEND = YES;
				GCC_C_LANGUAGE_STANDARD = gnu11;
				GCC_NO_COMMON_BLOCKS = YES;
				GCC_WARN_64_TO_32_BIT_CONVERSION = YES;
				GCC_WARN_ABOUT_RETURN_TYPE = YES_ERROR;
				GCC_WARN_UNDECLARED_SELECTOR = YES;
				GCC_WARN_UNINITIALIZED_AUTOS = YES_AGGRESSIVE;
				GCC_WARN_UNUSED_FUNCTION = YES;
				GCC_WARN_UNUSED_VARIABLE = YES;
				IPHONEOS_DEPLOYMENT_TARGET = 10.0;
				MTL_ENABLE_DEBUG_INFO = NO;
				SDKROOT = iphoneos;
				SWIFT_OPTIMIZATION_LEVEL = "-Owholemodule";
				VALIDATE_PRODUCT = YES;
			};
			name = Release;
		};
		240FBF6E2000AF9900D32323 /* Debug */ = {
			isa = XCBuildConfiguration;
			baseConfigurationReference = 5BC53AB1F73E574D40261A01 /* Pods-APoD.debug.xcconfig */;
			buildSettings = {
				ALWAYS_EMBED_SWIFT_STANDARD_LIBRARIES = YES;
				ASSETCATALOG_COMPILER_APPICON_NAME = AppIcon;
				CODE_SIGN_ENTITLEMENTS = APoD/APoD.entitlements;
				CODE_SIGN_STYLE = Automatic;
				DEVELOPMENT_TEAM = VEBQ28K9EA;
				INFOPLIST_FILE = APoD/Info.plist;
				IPHONEOS_DEPLOYMENT_TARGET = 10.0;
				LD_RUNPATH_SEARCH_PATHS = "$(inherited) @executable_path/Frameworks";
				PRODUCT_BUNDLE_IDENTIFIER = com.krayc.Triplorex;
				PRODUCT_NAME = "$(TARGET_NAME)";
				SWIFT_VERSION = 4.0;
				TARGETED_DEVICE_FAMILY = "1,2";
			};
			name = Debug;
		};
		240FBF6F2000AF9900D32323 /* Release */ = {
			isa = XCBuildConfiguration;
			baseConfigurationReference = 44A0571C78EE6C4068640D68 /* Pods-APoD.release.xcconfig */;
			buildSettings = {
				ALWAYS_EMBED_SWIFT_STANDARD_LIBRARIES = YES;
				ASSETCATALOG_COMPILER_APPICON_NAME = AppIcon;
				CODE_SIGN_ENTITLEMENTS = APoD/APoD.entitlements;
				CODE_SIGN_STYLE = Automatic;
				DEVELOPMENT_TEAM = VEBQ28K9EA;
				INFOPLIST_FILE = APoD/Info.plist;
				IPHONEOS_DEPLOYMENT_TARGET = 10.0;
				LD_RUNPATH_SEARCH_PATHS = "$(inherited) @executable_path/Frameworks";
				PRODUCT_BUNDLE_IDENTIFIER = com.krayc.Triplorex;
				PRODUCT_NAME = "$(TARGET_NAME)";
				SWIFT_VERSION = 4.0;
				TARGETED_DEVICE_FAMILY = "1,2";
			};
			name = Release;
		};
		241B931E2017000D00D4C058 /* Debug */ = {
			isa = XCBuildConfiguration;
			baseConfigurationReference = 22CF27C4736DC8A235340418 /* Pods-APoDWidget.debug.xcconfig */;
			buildSettings = {
				CODE_SIGN_ENTITLEMENTS = APoDWidget/APoDWidget.entitlements;
				CODE_SIGN_STYLE = Automatic;
				DEVELOPMENT_TEAM = VEBQ28K9EA;
				INFOPLIST_FILE = APoDWidget/Info.plist;
				IPHONEOS_DEPLOYMENT_TARGET = 10.0;
				LD_RUNPATH_SEARCH_PATHS = "$(inherited) @executable_path/Frameworks @executable_path/../../Frameworks";
				PRODUCT_BUNDLE_IDENTIFIER = com.krayc.Triplorex.APoDWidget;
				PRODUCT_NAME = "$(TARGET_NAME)";
				SKIP_INSTALL = YES;
				SWIFT_VERSION = 4.0;
				TARGETED_DEVICE_FAMILY = "1,2";
			};
			name = Debug;
		};
		241B931F2017000D00D4C058 /* Release */ = {
			isa = XCBuildConfiguration;
			baseConfigurationReference = AE0942B0B2B888EAF27C2BB9 /* Pods-APoDWidget.release.xcconfig */;
			buildSettings = {
				CODE_SIGN_ENTITLEMENTS = APoDWidget/APoDWidget.entitlements;
				CODE_SIGN_STYLE = Automatic;
				DEVELOPMENT_TEAM = VEBQ28K9EA;
				INFOPLIST_FILE = APoDWidget/Info.plist;
				IPHONEOS_DEPLOYMENT_TARGET = 10.0;
				LD_RUNPATH_SEARCH_PATHS = "$(inherited) @executable_path/Frameworks @executable_path/../../Frameworks";
				PRODUCT_BUNDLE_IDENTIFIER = com.krayc.Triplorex.APoDWidget;
				PRODUCT_NAME = "$(TARGET_NAME)";
				SKIP_INSTALL = YES;
				SWIFT_VERSION = 4.0;
				TARGETED_DEVICE_FAMILY = "1,2";
			};
			name = Release;
		};
/* End XCBuildConfiguration section */

/* Begin XCConfigurationList section */
		240FBF562000AF9900D32323 /* Build configuration list for PBXProject "APoD" */ = {
			isa = XCConfigurationList;
			buildConfigurations = (
				240FBF6B2000AF9900D32323 /* Debug */,
				240FBF6C2000AF9900D32323 /* Release */,
			);
			defaultConfigurationIsVisible = 0;
			defaultConfigurationName = Release;
		};
		240FBF6D2000AF9900D32323 /* Build configuration list for PBXNativeTarget "APoD" */ = {
			isa = XCConfigurationList;
			buildConfigurations = (
				240FBF6E2000AF9900D32323 /* Debug */,
				240FBF6F2000AF9900D32323 /* Release */,
			);
			defaultConfigurationIsVisible = 0;
			defaultConfigurationName = Release;
		};
		241B93202017000D00D4C058 /* Build configuration list for PBXNativeTarget "APoDWidget" */ = {
			isa = XCConfigurationList;
			buildConfigurations = (
				241B931E2017000D00D4C058 /* Debug */,
				241B931F2017000D00D4C058 /* Release */,
			);
			defaultConfigurationIsVisible = 0;
			defaultConfigurationName = Release;
		};
/* End XCConfigurationList section */
	};
	rootObject = 240FBF532000AF9900D32323 /* Project object */;
}
